// !$*UTF8*$!
{
	archiveVersion = 1;
	classes = {
	};
	objectVersion = 46;
	objects = {

/* Begin PBXBuildFile section */
		7A13E5AF1DD22A3A004034BC /* AppDelegate.m in Sources */ = {isa = PBXBuildFile; fileRef = 7A13E5AE1DD22A3A004034BC /* AppDelegate.m */; };
		7A13E5B21DD22A3A004034BC /* main.m in Sources */ = {isa = PBXBuildFile; fileRef = 7A13E5B11DD22A3A004034BC /* main.m */; };
		7A13E5B41DD22A3A004034BC /* Assets.xcassets in Resources */ = {isa = PBXBuildFile; fileRef = 7A13E5B31DD22A3A004034BC /* Assets.xcassets */; };
		7A13E5B71DD22A3A004034BC /* MainMenu.xib in Resources */ = {isa = PBXBuildFile; fileRef = 7A13E5B51DD22A3A004034BC /* MainMenu.xib */; };
		7A13E5C11DD22C38004034BC /* MainWindowController.m in Sources */ = {isa = PBXBuildFile; fileRef = 7A13E5BF1DD22C38004034BC /* MainWindowController.m */; };
		7A13E5C21DD22C38004034BC /* MainWindowController.xib in Resources */ = {isa = PBXBuildFile; fileRef = 7A13E5C01DD22C38004034BC /* MainWindowController.xib */; };
		7A16C3A91DDF6D5F009B31E6 /* ConfigView.m in Sources */ = {isa = PBXBuildFile; fileRef = 7A16C3A81DDF6D5F009B31E6 /* ConfigView.m */; };
		7A38ED2C1DECCA4A001460EE /* OtherView.m in Sources */ = {isa = PBXBuildFile; fileRef = 7A38ED2B1DECCA4A001460EE /* OtherView.m */; };
		7A38ED2F1DEDD8C3001460EE /* bp in CopyFiles */ = {isa = PBXBuildFile; fileRef = 7A38ED2E1DEDD8C3001460EE /* bp */; settings = {ATTRIBUTES = (CodeSignOnCopy, ); }; };
		7A38ED311DEDD8DE001460EE /* bluepill in CopyFiles */ = {isa = PBXBuildFile; fileRef = 7A38ED301DEDD8DE001460EE /* bluepill */; settings = {ATTRIBUTES = (CodeSignOnCopy, ); }; };
		7A4FB8D81DF89AD60073F268 /* BPXCTestFile.m in Sources */ = {isa = PBXBuildFile; fileRef = 7A4FB8D71DF89AD60073F268 /* BPXCTestFile.m */; };
		7A4FB8E31DF89B280073F268 /* BPTestCase.m in Sources */ = {isa = PBXBuildFile; fileRef = 7A4FB8E01DF89B280073F268 /* BPTestCase.m */; };
		7A4FB8E41DF89B280073F268 /* BPTestClass.m in Sources */ = {isa = PBXBuildFile; fileRef = 7A4FB8E21DF89B280073F268 /* BPTestClass.m */; };
		7AA919AB1DEE094C0031D0BC /* BPConfiguration.m in Sources */ = {isa = PBXBuildFile; fileRef = 7AA919A81DEE094C0031D0BC /* BPConfiguration.m */; };
		7AA919AC1DEE094C0031D0BC /* BPUtils.m in Sources */ = {isa = PBXBuildFile; fileRef = 7AA919AA1DEE094C0031D0BC /* BPUtils.m */; };
		7AAC808C1E01974A00EEBC97 /* CheckboxHeader.m in Sources */ = {isa = PBXBuildFile; fileRef = 7AAC808B1E01974A00EEBC97 /* CheckboxHeader.m */; };
		7ADA926E1E37CEE100730836 /* BPPrefs.m in Sources */ = {isa = PBXBuildFile; fileRef = 7ADA926D1E37CEE100730836 /* BPPrefs.m */; };
/* End PBXBuildFile section */

/* Begin PBXCopyFilesBuildPhase section */
		7A38ED2D1DEDD86C001460EE /* CopyFiles */ = {
			isa = PBXCopyFilesBuildPhase;
			buildActionMask = 12;
			dstPath = "";
			dstSubfolderSpec = 6;
			files = (
				7A38ED2F1DEDD8C3001460EE /* bp in CopyFiles */,
				7A38ED311DEDD8DE001460EE /* bluepill in CopyFiles */,
			);
			runOnlyForDeploymentPostprocessing = 0;
		};
/* End PBXCopyFilesBuildPhase section */

/* Begin PBXFileReference section */
		7A13E5AA1DD22A3A004034BC /* Bluepill-gui.app */ = {isa = PBXFileReference; explicitFileType = wrapper.application; includeInIndex = 0; path = "Bluepill-gui.app"; sourceTree = BUILT_PRODUCTS_DIR; };
		7A13E5AD1DD22A3A004034BC /* AppDelegate.h */ = {isa = PBXFileReference; lastKnownFileType = sourcecode.c.h; path = AppDelegate.h; sourceTree = "<group>"; };
		7A13E5AE1DD22A3A004034BC /* AppDelegate.m */ = {isa = PBXFileReference; lastKnownFileType = sourcecode.c.objc; path = AppDelegate.m; sourceTree = "<group>"; };
		7A13E5B11DD22A3A004034BC /* main.m */ = {isa = PBXFileReference; lastKnownFileType = sourcecode.c.objc; path = main.m; sourceTree = "<group>"; };
		7A13E5B31DD22A3A004034BC /* Assets.xcassets */ = {isa = PBXFileReference; lastKnownFileType = folder.assetcatalog; path = Assets.xcassets; sourceTree = "<group>"; };
		7A13E5B61DD22A3A004034BC /* Base */ = {isa = PBXFileReference; lastKnownFileType = file.xib; name = Base; path = Base.lproj/MainMenu.xib; sourceTree = "<group>"; };
		7A13E5B81DD22A3A004034BC /* Info.plist */ = {isa = PBXFileReference; lastKnownFileType = text.plist.xml; path = Info.plist; sourceTree = "<group>"; };
		7A13E5BE1DD22C38004034BC /* MainWindowController.h */ = {isa = PBXFileReference; fileEncoding = 4; lastKnownFileType = sourcecode.c.h; path = MainWindowController.h; sourceTree = "<group>"; };
		7A13E5BF1DD22C38004034BC /* MainWindowController.m */ = {isa = PBXFileReference; fileEncoding = 4; lastKnownFileType = sourcecode.c.objc; path = MainWindowController.m; sourceTree = "<group>"; };
		7A13E5C01DD22C38004034BC /* MainWindowController.xib */ = {isa = PBXFileReference; fileEncoding = 4; lastKnownFileType = file.xib; path = MainWindowController.xib; sourceTree = "<group>"; };
		7A16C3A71DDF6D5F009B31E6 /* ConfigView.h */ = {isa = PBXFileReference; fileEncoding = 4; lastKnownFileType = sourcecode.c.h; path = ConfigView.h; sourceTree = "<group>"; };
		7A16C3A81DDF6D5F009B31E6 /* ConfigView.m */ = {isa = PBXFileReference; fileEncoding = 4; lastKnownFileType = sourcecode.c.objc; path = ConfigView.m; sourceTree = "<group>"; };
		7A38ED2A1DECCA4A001460EE /* OtherView.h */ = {isa = PBXFileReference; fileEncoding = 4; lastKnownFileType = sourcecode.c.h; path = OtherView.h; sourceTree = "<group>"; };
		7A38ED2B1DECCA4A001460EE /* OtherView.m */ = {isa = PBXFileReference; fileEncoding = 4; lastKnownFileType = sourcecode.c.objc; path = OtherView.m; sourceTree = "<group>"; };
		7A38ED2E1DEDD8C3001460EE /* bp */ = {isa = PBXFileReference; lastKnownFileType = text; path = bp; sourceTree = BUILT_PRODUCTS_DIR; };
		7A38ED301DEDD8DE001460EE /* bluepill */ = {isa = PBXFileReference; lastKnownFileType = text; path = bluepill; sourceTree = BUILT_PRODUCTS_DIR; };
		7A4FB8D61DF89AD60073F268 /* BPXCTestFile.h */ = {isa = PBXFileReference; fileEncoding = 4; lastKnownFileType = sourcecode.c.h; path = BPXCTestFile.h; sourceTree = "<group>"; };
		7A4FB8D71DF89AD60073F268 /* BPXCTestFile.m */ = {isa = PBXFileReference; fileEncoding = 4; lastKnownFileType = sourcecode.c.objc; lineEnding = 0; path = BPXCTestFile.m; sourceTree = "<group>"; xcLanguageSpecificationIdentifier = xcode.lang.objc; };
		7A4FB8DF1DF89B280073F268 /* BPTestCase.h */ = {isa = PBXFileReference; fileEncoding = 4; lastKnownFileType = sourcecode.c.h; path = BPTestCase.h; sourceTree = "<group>"; };
		7A4FB8E01DF89B280073F268 /* BPTestCase.m */ = {isa = PBXFileReference; fileEncoding = 4; lastKnownFileType = sourcecode.c.objc; path = BPTestCase.m; sourceTree = "<group>"; };
		7A4FB8E11DF89B280073F268 /* BPTestClass.h */ = {isa = PBXFileReference; fileEncoding = 4; lastKnownFileType = sourcecode.c.h; path = BPTestClass.h; sourceTree = "<group>"; };
		7A4FB8E21DF89B280073F268 /* BPTestClass.m */ = {isa = PBXFileReference; fileEncoding = 4; lastKnownFileType = sourcecode.c.objc; path = BPTestClass.m; sourceTree = "<group>"; };
		7AA919A31DEDFFA20031D0BC /* list_tests.sh */ = {isa = PBXFileReference; fileEncoding = 4; lastKnownFileType = text.script.sh; name = list_tests.sh; path = ../scripts/list_tests.sh; sourceTree = "<group>"; };
		7AA919A71DEE094C0031D0BC /* BPConfiguration.h */ = {isa = PBXFileReference; fileEncoding = 4; lastKnownFileType = sourcecode.c.h; path = BPConfiguration.h; sourceTree = "<group>"; };
		7AA919A81DEE094C0031D0BC /* BPConfiguration.m */ = {isa = PBXFileReference; fileEncoding = 4; lastKnownFileType = sourcecode.c.objc; lineEnding = 0; path = BPConfiguration.m; sourceTree = "<group>"; xcLanguageSpecificationIdentifier = xcode.lang.objc; };
		7AA919A91DEE094C0031D0BC /* BPUtils.h */ = {isa = PBXFileReference; fileEncoding = 4; lastKnownFileType = sourcecode.c.h; path = BPUtils.h; sourceTree = "<group>"; };
		7AA919AA1DEE094C0031D0BC /* BPUtils.m */ = {isa = PBXFileReference; fileEncoding = 4; lastKnownFileType = sourcecode.c.objc; path = BPUtils.m; sourceTree = "<group>"; };
		7AA919AD1DEE09DA0031D0BC /* BPConstants.h */ = {isa = PBXFileReference; lastKnownFileType = sourcecode.c.h; path = BPConstants.h; sourceTree = "<group>"; };
		7AAC808A1E01974A00EEBC97 /* CheckboxHeader.h */ = {isa = PBXFileReference; fileEncoding = 4; lastKnownFileType = sourcecode.c.h; path = CheckboxHeader.h; sourceTree = "<group>"; };
		7AAC808B1E01974A00EEBC97 /* CheckboxHeader.m */ = {isa = PBXFileReference; fileEncoding = 4; lastKnownFileType = sourcecode.c.objc; path = CheckboxHeader.m; sourceTree = "<group>"; };
		7ADA926C1E37CEE100730836 /* BPPrefs.h */ = {isa = PBXFileReference; fileEncoding = 4; lastKnownFileType = sourcecode.c.h; path = BPPrefs.h; sourceTree = "<group>"; };
		7ADA926D1E37CEE100730836 /* BPPrefs.m */ = {isa = PBXFileReference; fileEncoding = 4; lastKnownFileType = sourcecode.c.objc; path = BPPrefs.m; sourceTree = "<group>"; };
/* End PBXFileReference section */

/* Begin PBXFrameworksBuildPhase section */
		7A13E5A71DD22A3A004034BC /* Frameworks */ = {
			isa = PBXFrameworksBuildPhase;
			buildActionMask = 2147483647;
			files = (
			);
			runOnlyForDeploymentPostprocessing = 0;
		};
/* End PBXFrameworksBuildPhase section */

/* Begin PBXGroup section */
		7A13E5A11DD22A3A004034BC = {
			isa = PBXGroup;
			children = (
				7A13E5AC1DD22A3A004034BC /* Bluepill-gui */,
				7A38ED321DEDD8F6001460EE /* Embed */,
				7A13E5AB1DD22A3A004034BC /* Products */,
			);
			sourceTree = "<group>";
		};
		7A13E5AB1DD22A3A004034BC /* Products */ = {
			isa = PBXGroup;
			children = (
				7A13E5AA1DD22A3A004034BC /* Bluepill-gui.app */,
			);
			name = Products;
			sourceTree = "<group>";
		};
		7A13E5AC1DD22A3A004034BC /* Bluepill-gui */ = {
			isa = PBXGroup;
			children = (
				7AA919A61DEE09110031D0BC /* Shared */,
				7ADA926B1E37CEE100730836 /* Utils */,
				7A13E5AD1DD22A3A004034BC /* AppDelegate.h */,
				7A13E5AE1DD22A3A004034BC /* AppDelegate.m */,
				7A16C3A71DDF6D5F009B31E6 /* ConfigView.h */,
				7A16C3A81DDF6D5F009B31E6 /* ConfigView.m */,
				7A13E5BE1DD22C38004034BC /* MainWindowController.h */,
				7A13E5BF1DD22C38004034BC /* MainWindowController.m */,
				7A38ED2A1DECCA4A001460EE /* OtherView.h */,
				7A38ED2B1DECCA4A001460EE /* OtherView.m */,
				7A13E5B81DD22A3A004034BC /* Info.plist */,
				7A13E5B31DD22A3A004034BC /* Assets.xcassets */,
				7A13E5C01DD22C38004034BC /* MainWindowController.xib */,
				7A13E5B51DD22A3A004034BC /* MainMenu.xib */,
				7A13E5B01DD22A3A004034BC /* Supporting Files */,
				7AA919AD1DEE09DA0031D0BC /* BPConstants.h */,
				7AAC808A1E01974A00EEBC97 /* CheckboxHeader.h */,
				7AAC808B1E01974A00EEBC97 /* CheckboxHeader.m */,
			);
			path = "Bluepill-gui";
			sourceTree = "<group>";
		};
		7A13E5B01DD22A3A004034BC /* Supporting Files */ = {
			isa = PBXGroup;
			children = (
				7A13E5B11DD22A3A004034BC /* main.m */,
			);
			name = "Supporting Files";
			sourceTree = "<group>";
		};
		7A38ED321DEDD8F6001460EE /* Embed */ = {
			isa = PBXGroup;
			children = (
				7AA919A31DEDFFA20031D0BC /* list_tests.sh */,
				7A38ED301DEDD8DE001460EE /* bluepill */,
				7A38ED2E1DEDD8C3001460EE /* bp */,
			);
			name = Embed;
			sourceTree = "<group>";
		};
		7AA919A61DEE09110031D0BC /* Shared */ = {
			isa = PBXGroup;
			children = (
				7AA919A71DEE094C0031D0BC /* BPConfiguration.h */,
				7AA919A81DEE094C0031D0BC /* BPConfiguration.m */,
				7A4FB8DF1DF89B280073F268 /* BPTestCase.h */,
				7A4FB8E01DF89B280073F268 /* BPTestCase.m */,
				7A4FB8E11DF89B280073F268 /* BPTestClass.h */,
				7A4FB8E21DF89B280073F268 /* BPTestClass.m */,
				7AA919A91DEE094C0031D0BC /* BPUtils.h */,
				7AA919AA1DEE094C0031D0BC /* BPUtils.m */,
				7A4FB8D61DF89AD60073F268 /* BPXCTestFile.h */,
				7A4FB8D71DF89AD60073F268 /* BPXCTestFile.m */,
			);
			name = Shared;
			path = ../../Source/Shared;
			sourceTree = "<group>";
		};
		7ADA926B1E37CEE100730836 /* Utils */ = {
			isa = PBXGroup;
			children = (
				7ADA926C1E37CEE100730836 /* BPPrefs.h */,
				7ADA926D1E37CEE100730836 /* BPPrefs.m */,
			);
			path = Utils;
			sourceTree = "<group>";
		};
/* End PBXGroup section */

/* Begin PBXNativeTarget section */
		7A13E5A91DD22A3A004034BC /* Bluepill-gui */ = {
			isa = PBXNativeTarget;
			buildConfigurationList = 7A13E5BB1DD22A3A004034BC /* Build configuration list for PBXNativeTarget "Bluepill-gui" */;
			buildPhases = (
				7A13E5A61DD22A3A004034BC /* Sources */,
				7A13E5A71DD22A3A004034BC /* Frameworks */,
				7A13E5A81DD22A3A004034BC /* Resources */,
				7A38ED2D1DEDD86C001460EE /* CopyFiles */,
			);
			buildRules = (
			);
			dependencies = (
			);
			name = "Bluepill-gui";
			productName = "Bluepill-gui";
			productReference = 7A13E5AA1DD22A3A004034BC /* Bluepill-gui.app */;
			productType = "com.apple.product-type.application";
		};
/* End PBXNativeTarget section */

/* Begin PBXProject section */
		7A13E5A21DD22A3A004034BC /* Project object */ = {
			isa = PBXProject;
			attributes = {
				LastUpgradeCheck = 0900;
				ORGANIZATIONNAME = LinkedIn;
				TargetAttributes = {
					7A13E5A91DD22A3A004034BC = {
						CreatedOnToolsVersion = 8.0;
						DevelopmentTeam = 57Y47U492U;
						ProvisioningStyle = Automatic;
					};
				};
			};
			buildConfigurationList = 7A13E5A51DD22A3A004034BC /* Build configuration list for PBXProject "Bluepill-gui" */;
			compatibilityVersion = "Xcode 3.2";
			developmentRegion = English;
			hasScannedForEncodings = 0;
			knownRegions = (
				en,
				Base,
			);
			mainGroup = 7A13E5A11DD22A3A004034BC;
			productRefGroup = 7A13E5AB1DD22A3A004034BC /* Products */;
			projectDirPath = "";
			projectRoot = "";
			targets = (
				7A13E5A91DD22A3A004034BC /* Bluepill-gui */,
			);
		};
/* End PBXProject section */

/* Begin PBXResourcesBuildPhase section */
		7A13E5A81DD22A3A004034BC /* Resources */ = {
			isa = PBXResourcesBuildPhase;
			buildActionMask = 2147483647;
			files = (
				7A13E5B41DD22A3A004034BC /* Assets.xcassets in Resources */,
				7A13E5C21DD22C38004034BC /* MainWindowController.xib in Resources */,
				7A13E5B71DD22A3A004034BC /* MainMenu.xib in Resources */,
			);
			runOnlyForDeploymentPostprocessing = 0;
		};
/* End PBXResourcesBuildPhase section */

/* Begin PBXSourcesBuildPhase section */
		7A13E5A61DD22A3A004034BC /* Sources */ = {
			isa = PBXSourcesBuildPhase;
			buildActionMask = 2147483647;
			files = (
				7A38ED2C1DECCA4A001460EE /* OtherView.m in Sources */,
				7A16C3A91DDF6D5F009B31E6 /* ConfigView.m in Sources */,
				7AA919AB1DEE094C0031D0BC /* BPConfiguration.m in Sources */,
				7A13E5C11DD22C38004034BC /* MainWindowController.m in Sources */,
				7A4FB8E41DF89B280073F268 /* BPTestClass.m in Sources */,
				7AA919AC1DEE094C0031D0BC /* BPUtils.m in Sources */,
				7A13E5B21DD22A3A004034BC /* main.m in Sources */,
				7AAC808C1E01974A00EEBC97 /* CheckboxHeader.m in Sources */,
				7A4FB8D81DF89AD60073F268 /* BPXCTestFile.m in Sources */,
				7A13E5AF1DD22A3A004034BC /* AppDelegate.m in Sources */,
				7ADA926E1E37CEE100730836 /* BPPrefs.m in Sources */,
				7A4FB8E31DF89B280073F268 /* BPTestCase.m in Sources */,
			);
			runOnlyForDeploymentPostprocessing = 0;
		};
/* End PBXSourcesBuildPhase section */

/* Begin PBXVariantGroup section */
		7A13E5B51DD22A3A004034BC /* MainMenu.xib */ = {
			isa = PBXVariantGroup;
			children = (
				7A13E5B61DD22A3A004034BC /* Base */,
			);
			name = MainMenu.xib;
			sourceTree = "<group>";
		};
/* End PBXVariantGroup section */

/* Begin XCBuildConfiguration section */
		7A13E5B91DD22A3A004034BC /* Debug */ = {
			isa = XCBuildConfiguration;
			buildSettings = {
				ALWAYS_SEARCH_USER_PATHS = NO;
				CLANG_ANALYZER_NONNULL = YES;
				CLANG_CXX_LANGUAGE_STANDARD = "gnu++0x";
				CLANG_CXX_LIBRARY = "libc++";
				CLANG_ENABLE_MODULES = YES;
				CLANG_ENABLE_OBJC_ARC = YES;
				CLANG_WARN_BLOCK_CAPTURE_AUTORELEASING = YES;
				CLANG_WARN_BOOL_CONVERSION = YES;
				CLANG_WARN_COMMA = YES;
				CLANG_WARN_CONSTANT_CONVERSION = YES;
				CLANG_WARN_DIRECT_OBJC_ISA_USAGE = YES_ERROR;
				CLANG_WARN_DOCUMENTATION_COMMENTS = YES;
				CLANG_WARN_EMPTY_BODY = YES;
				CLANG_WARN_ENUM_CONVERSION = YES;
				CLANG_WARN_INFINITE_RECURSION = YES;
				CLANG_WARN_INT_CONVERSION = YES;
				CLANG_WARN_NON_LITERAL_NULL_CONVERSION = YES;
				CLANG_WARN_OBJC_LITERAL_CONVERSION = YES;
				CLANG_WARN_OBJC_ROOT_CLASS = YES_ERROR;
				CLANG_WARN_RANGE_LOOP_ANALYSIS = YES;
				CLANG_WARN_STRICT_PROTOTYPES = YES;
				CLANG_WARN_SUSPICIOUS_MOVE = YES;
				CLANG_WARN_SUSPICIOUS_MOVES = YES;
				CLANG_WARN_UNREACHABLE_CODE = YES;
				CLANG_WARN__DUPLICATE_METHOD_MATCH = YES;
				CODE_SIGN_IDENTITY = "-";
				COPY_PHASE_STRIP = NO;
				DEBUG_INFORMATION_FORMAT = dwarf;
				ENABLE_STRICT_OBJC_MSGSEND = YES;
				ENABLE_TESTABILITY = YES;
				GCC_C_LANGUAGE_STANDARD = gnu99;
				GCC_DYNAMIC_NO_PIC = NO;
				GCC_NO_COMMON_BLOCKS = YES;
				GCC_OPTIMIZATION_LEVEL = 0;
				GCC_PREPROCESSOR_DEFINITIONS = (
					"DEBUG=1",
					"$(inherited)",
				);
				GCC_WARN_64_TO_32_BIT_CONVERSION = YES;
				GCC_WARN_ABOUT_RETURN_TYPE = YES_ERROR;
				GCC_WARN_UNDECLARED_SELECTOR = YES;
				GCC_WARN_UNINITIALIZED_AUTOS = YES_AGGRESSIVE;
				GCC_WARN_UNUSED_FUNCTION = YES;
				GCC_WARN_UNUSED_VARIABLE = YES;
				MACOSX_DEPLOYMENT_TARGET = 10.10;
				MTL_ENABLE_DEBUG_INFO = YES;
				ONLY_ACTIVE_ARCH = YES;
				SDKROOT = macosx;
			};
			name = Debug;
		};
		7A13E5BA1DD22A3A004034BC /* Release */ = {
			isa = XCBuildConfiguration;
			buildSettings = {
				ALWAYS_SEARCH_USER_PATHS = NO;
				CLANG_ANALYZER_NONNULL = YES;
				CLANG_CXX_LANGUAGE_STANDARD = "gnu++0x";
				CLANG_CXX_LIBRARY = "libc++";
				CLANG_ENABLE_MODULES = YES;
				CLANG_ENABLE_OBJC_ARC = YES;
				CLANG_WARN_BLOCK_CAPTURE_AUTORELEASING = YES;
				CLANG_WARN_BOOL_CONVERSION = YES;
				CLANG_WARN_COMMA = YES;
				CLANG_WARN_CONSTANT_CONVERSION = YES;
				CLANG_WARN_DIRECT_OBJC_ISA_USAGE = YES_ERROR;
				CLANG_WARN_DOCUMENTATION_COMMENTS = YES;
				CLANG_WARN_EMPTY_BODY = YES;
				CLANG_WARN_ENUM_CONVERSION = YES;
				CLANG_WARN_INFINITE_RECURSION = YES;
				CLANG_WARN_INT_CONVERSION = YES;
				CLANG_WARN_NON_LITERAL_NULL_CONVERSION = YES;
				CLANG_WARN_OBJC_LITERAL_CONVERSION = YES;
				CLANG_WARN_OBJC_ROOT_CLASS = YES_ERROR;
				CLANG_WARN_RANGE_LOOP_ANALYSIS = YES;
				CLANG_WARN_STRICT_PROTOTYPES = YES;
				CLANG_WARN_SUSPICIOUS_MOVE = YES;
				CLANG_WARN_SUSPICIOUS_MOVES = YES;
				CLANG_WARN_UNREACHABLE_CODE = YES;
				CLANG_WARN__DUPLICATE_METHOD_MATCH = YES;
				CODE_SIGN_IDENTITY = "-";
				COPY_PHASE_STRIP = NO;
				DEBUG_INFORMATION_FORMAT = "dwarf-with-dsym";
				ENABLE_NS_ASSERTIONS = NO;
				ENABLE_STRICT_OBJC_MSGSEND = YES;
				GCC_C_LANGUAGE_STANDARD = gnu99;
				GCC_NO_COMMON_BLOCKS = YES;
				GCC_WARN_64_TO_32_BIT_CONVERSION = YES;
				GCC_WARN_ABOUT_RETURN_TYPE = YES_ERROR;
				GCC_WARN_UNDECLARED_SELECTOR = YES;
				GCC_WARN_UNINITIALIZED_AUTOS = YES_AGGRESSIVE;
				GCC_WARN_UNUSED_FUNCTION = YES;
				GCC_WARN_UNUSED_VARIABLE = YES;
				MACOSX_DEPLOYMENT_TARGET = 10.10;
				MTL_ENABLE_DEBUG_INFO = NO;
				SDKROOT = macosx;
			};
			name = Release;
		};
		7A13E5BC1DD22A3A004034BC /* Debug */ = {
			isa = XCBuildConfiguration;
			buildSettings = {
				ASSETCATALOG_COMPILER_APPICON_NAME = AppIcon;
				COMBINE_HIDPI_IMAGES = YES;
				DEVELOPMENT_TEAM = 57Y47U492U;
				INFOPLIST_FILE = "Bluepill-gui/Info.plist";
				LD_RUNPATH_SEARCH_PATHS = "$(inherited) @executable_path/../Frameworks";
				PRODUCT_BUNDLE_IDENTIFIER = "com.linkedin.embedded.Bluepill-gui";
				PRODUCT_NAME = "$(TARGET_NAME)";
			};
			name = Debug;
		};
		7A13E5BD1DD22A3A004034BC /* Release */ = {
			isa = XCBuildConfiguration;
			buildSettings = {
				ASSETCATALOG_COMPILER_APPICON_NAME = AppIcon;
				COMBINE_HIDPI_IMAGES = YES;
				DEVELOPMENT_TEAM = 57Y47U492U;
				INFOPLIST_FILE = "Bluepill-gui/Info.plist";
				LD_RUNPATH_SEARCH_PATHS = "$(inherited) @executable_path/../Frameworks";
				PRODUCT_BUNDLE_IDENTIFIER = "com.linkedin.embedded.Bluepill-gui";
				PRODUCT_NAME = "$(TARGET_NAME)";
			};
			name = Release;
		};
/* End XCBuildConfiguration section */

/* Begin XCConfigurationList section */
		7A13E5A51DD22A3A004034BC /* Build configuration list for PBXProject "Bluepill-gui" */ = {
			isa = XCConfigurationList;
			buildConfigurations = (
				7A13E5B91DD22A3A004034BC /* Debug */,
				7A13E5BA1DD22A3A004034BC /* Release */,
			);
			defaultConfigurationIsVisible = 0;
			defaultConfigurationName = Release;
		};
		7A13E5BB1DD22A3A004034BC /* Build configuration list for PBXNativeTarget "Bluepill-gui" */ = {
			isa = XCConfigurationList;
			buildConfigurations = (
				7A13E5BC1DD22A3A004034BC /* Debug */,
				7A13E5BD1DD22A3A004034BC /* Release */,
			);
			defaultConfigurationIsVisible = 0;
			defaultConfigurationName = Release;
		};
/* End XCConfigurationList section */
	};
	rootObject = 7A13E5A21DD22A3A004034BC /* Project object */;
}
