// !$*UTF8*$!
{
	archiveVersion = 1;
	classes = {
	};
	objectVersion = 46;
	objects = {

/* Begin PBXBuildFile section */
		7A202A411DB0066100D935E3 /* BPWriter.m in Sources */ = {isa = PBXBuildFile; fileRef = 7A202A401DB0066100D935E3 /* BPWriter.m */; };
		7A4933151DAD63A50060D54F /* SimulatorMonitor.m in Sources */ = {isa = PBXBuildFile; fileRef = 7A4933141DAD63A50060D54F /* SimulatorMonitor.m */; };
		7A4D7A811DDA5FA1001E085D /* BPTreeParserTests.m in Sources */ = {isa = PBXBuildFile; fileRef = 7A4D7A801DDA5FA1001E085D /* BPTreeParserTests.m */; };
		7A4D7A831DDA5FEA001E085D /* parse_crash.log in Resources */ = {isa = PBXBuildFile; fileRef = 7A4D7A821DDA5FEA001E085D /* parse_crash.log */; };
		7A4D7A861DDBB156001E085D /* BPExitStatus.m in Sources */ = {isa = PBXBuildFile; fileRef = 7A4D7A851DDBB156001E085D /* BPExitStatus.m */; };
		7A4D7A871DDBB156001E085D /* BPExitStatus.m in Sources */ = {isa = PBXBuildFile; fileRef = 7A4D7A851DDBB156001E085D /* BPExitStatus.m */; };
		7A4D7A891DDE3A85001E085D /* intermixed_crash.log in Resources */ = {isa = PBXBuildFile; fileRef = 7A4D7A881DDE3A85001E085D /* intermixed_crash.log */; };
		7A4FB8D31DF89A790073F268 /* BPConfiguration.m in Sources */ = {isa = PBXBuildFile; fileRef = 7A4FB8CE1DF89A790073F268 /* BPConfiguration.m */; };
		7A4FB8D41DF89A790073F268 /* BPUtils.m in Sources */ = {isa = PBXBuildFile; fileRef = 7A4FB8D01DF89A790073F268 /* BPUtils.m */; };
		7A4FB8E61DF8AD4F0073F268 /* missed-crash.log in Resources */ = {isa = PBXBuildFile; fileRef = 7A4FB8E51DF8AD4F0073F268 /* missed-crash.log */; };
		7A4FB8E81DFB66980073F268 /* error_only_crash.log in Resources */ = {isa = PBXBuildFile; fileRef = 7A4FB8E71DFB66980073F268 /* error_only_crash.log */; };
		7A564C0D1DA817DE001BCEC2 /* BPReporters.m in Sources */ = {isa = PBXBuildFile; fileRef = 7A564C081DA817DE001BCEC2 /* BPReporters.m */; };
		7A564C0E1DA817DE001BCEC2 /* BPTreeObjects.m in Sources */ = {isa = PBXBuildFile; fileRef = 7A564C0A1DA817DE001BCEC2 /* BPTreeObjects.m */; };
		7A564C0F1DA817DE001BCEC2 /* BPTreeParser.m in Sources */ = {isa = PBXBuildFile; fileRef = 7A564C0C1DA817DE001BCEC2 /* BPTreeParser.m */; };
		7A58D0751D622BF0002F6B6D /* DVTiPhoneSimulatorRemoteClient.framework in Frameworks */ = {isa = PBXBuildFile; fileRef = 7A58D0741D622BF0002F6B6D /* DVTiPhoneSimulatorRemoteClient.framework */; };
		7A6672BE1E0B04D300AC6778 /* BPUtils.m in Sources */ = {isa = PBXBuildFile; fileRef = 7A4FB8D01DF89A790073F268 /* BPUtils.m */; };
		7A6672BF1E0B04D500AC6778 /* BPConfiguration.m in Sources */ = {isa = PBXBuildFile; fileRef = 7A4FB8CE1DF89A790073F268 /* BPConfiguration.m */; };
		7A7901861D5CB679004D4325 /* main.m in Sources */ = {isa = PBXBuildFile; fileRef = 7A7901851D5CB679004D4325 /* main.m */; };
		7A7D66021DB679820015C937 /* BPStats.m in Sources */ = {isa = PBXBuildFile; fileRef = 7A7D66011DB679820015C937 /* BPStats.m */; };
		7A7E7BB01DF2066B007928F3 /* BPHandler.m in Sources */ = {isa = PBXBuildFile; fileRef = 7A7E7BAF1DF2066B007928F3 /* BPHandler.m */; };
		7A7E7BB31DF20F81007928F3 /* BPApplicationLaunchHandler.m in Sources */ = {isa = PBXBuildFile; fileRef = 7A7E7BB21DF20F81007928F3 /* BPApplicationLaunchHandler.m */; };
		7A7E7BB41DF2163C007928F3 /* BPApplicationLaunchHandler.m in Sources */ = {isa = PBXBuildFile; fileRef = 7A7E7BB21DF20F81007928F3 /* BPApplicationLaunchHandler.m */; };
		7A7E7BB51DF2163F007928F3 /* BPHandler.m in Sources */ = {isa = PBXBuildFile; fileRef = 7A7E7BAF1DF2066B007928F3 /* BPHandler.m */; };
		7A7E7BB81DF2173C007928F3 /* BPCreateSimulatorHandler.m in Sources */ = {isa = PBXBuildFile; fileRef = 7A7E7BB71DF2173C007928F3 /* BPCreateSimulatorHandler.m */; };
		7A7E7BB91DF2173C007928F3 /* BPCreateSimulatorHandler.m in Sources */ = {isa = PBXBuildFile; fileRef = 7A7E7BB71DF2173C007928F3 /* BPCreateSimulatorHandler.m */; };
		7A7E7BBC1DF21749007928F3 /* BPDeleteSimulatorHandler.m in Sources */ = {isa = PBXBuildFile; fileRef = 7A7E7BBB1DF21749007928F3 /* BPDeleteSimulatorHandler.m */; };
		7A7E7BBD1DF21749007928F3 /* BPDeleteSimulatorHandler.m in Sources */ = {isa = PBXBuildFile; fileRef = 7A7E7BBB1DF21749007928F3 /* BPDeleteSimulatorHandler.m */; };
		7A7E7BC01DF22CE1007928F3 /* BPExecutionContext.m in Sources */ = {isa = PBXBuildFile; fileRef = 7A7E7BBF1DF22CE1007928F3 /* BPExecutionContext.m */; };
		7A7E7BC11DF22CE1007928F3 /* BPExecutionContext.m in Sources */ = {isa = PBXBuildFile; fileRef = 7A7E7BBF1DF22CE1007928F3 /* BPExecutionContext.m */; };
		7A7E7BC31DF5BA45007928F3 /* badfilename.log in Resources */ = {isa = PBXBuildFile; fileRef = 7A7E7BC21DF5BA45007928F3 /* badfilename.log */; };
		7AA4C2291E4A797E00FAA39E /* multiple_reports_for_one_error.log in Resources */ = {isa = PBXBuildFile; fileRef = 7AA4C2281E4A797E00FAA39E /* multiple_reports_for_one_error.log */; };
		7AAE7AAF1DB7DC1E009B5549 /* BPRegexTests.m in Sources */ = {isa = PBXBuildFile; fileRef = 7AAE7AAE1DB7DC1E009B5549 /* BPRegexTests.m */; };
		7AB913001D5E209800621608 /* AppKit.framework in Frameworks */ = {isa = PBXBuildFile; fileRef = 7AB912FE1D5E209800621608 /* AppKit.framework */; };
		7AB913011D5E209800621608 /* Foundation.framework in Frameworks */ = {isa = PBXBuildFile; fileRef = 7AB912FF1D5E209800621608 /* Foundation.framework */; };
		7ACE1F6F1DD397F800C0FA73 /* BPWaitTimer.m in Sources */ = {isa = PBXBuildFile; fileRef = 7ACE1F6E1DD397F800C0FA73 /* BPWaitTimer.m */; };
		7ACE1F701DD397F800C0FA73 /* BPWaitTimer.m in Sources */ = {isa = PBXBuildFile; fileRef = 7ACE1F6E1DD397F800C0FA73 /* BPWaitTimer.m */; };
		7ACE1F721DD3D27D00C0FA73 /* WaitTimerTests.m in Sources */ = {isa = PBXBuildFile; fileRef = 7ACE1F711DD3D27D00C0FA73 /* WaitTimerTests.m */; };
		7ADBB1471DCBBC0E00DC4E8D /* BPTreeAssembler.m in Sources */ = {isa = PBXBuildFile; fileRef = 7ADBB1461DCBBC0E00DC4E8D /* BPTreeAssembler.m */; };
		7ADBB1481DCBDB9300DC4E8D /* BPTreeAssembler.m in Sources */ = {isa = PBXBuildFile; fileRef = 7ADBB1461DCBBC0E00DC4E8D /* BPTreeAssembler.m */; };
		7D0D40981F80DB0A00F27A59 /* SimulatorScreenshotService.m in Sources */ = {isa = PBXBuildFile; fileRef = 7D0D40971F80DB0A00F27A59 /* SimulatorScreenshotService.m */; };
		7DD8D7FD1F80E526001E8AFF /* SimulatorScreenshotService.m in Sources */ = {isa = PBXBuildFile; fileRef = 7D0D40971F80DB0A00F27A59 /* SimulatorScreenshotService.m */; };
		B324B91D1F280AD100AAE2BC /* CoreSimulator.framework in Frameworks */ = {isa = PBXBuildFile; fileRef = B324B91C1F280AD100AAE2BC /* CoreSimulator.framework */; };
		BA0096FE1DCA5D810000DD45 /* testConfigRelativePath.json in Resources */ = {isa = PBXBuildFile; fileRef = BA0096FD1DCA5D810000DD45 /* testConfigRelativePath.json */; };
		BA0097001DCA61210000DD45 /* BPConfigurationTests.m in Sources */ = {isa = PBXBuildFile; fileRef = BA0096FF1DCA61210000DD45 /* BPConfigurationTests.m */; };
		BA0C554D1DDAE241009E1377 /* failure_retry_report.xml in Resources */ = {isa = PBXBuildFile; fileRef = BA0C554C1DDAE241009E1377 /* failure_retry_report.xml */; };
		BA1809B81DB89B5600D7D130 /* BluepillTests.m in Sources */ = {isa = PBXBuildFile; fileRef = BA1809B71DB89B5600D7D130 /* BluepillTests.m */; };
		BA180A091DBB00FA00D7D130 /* BPUtilsTests.m in Sources */ = {isa = PBXBuildFile; fileRef = BA180A081DBB00FA00D7D130 /* BPUtilsTests.m */; };
		BA180A0C1DBB011200D7D130 /* testConfig.json in Resources */ = {isa = PBXBuildFile; fileRef = BA180A0B1DBB011200D7D130 /* testConfig.json */; };
		BA180A141DBB088100D7D130 /* testScheme.xcscheme in Resources */ = {isa = PBXBuildFile; fileRef = BA180A131DBB088100D7D130 /* testScheme.xcscheme */; };
		BA1949361E4AF82F00881887 /* BPTestBundleConnection.m in Sources */ = {isa = PBXBuildFile; fileRef = BA1949351E4AF82F00881887 /* BPTestBundleConnection.m */; };
		BA1949371E4AF82F00881887 /* BPTestBundleConnection.m in Sources */ = {isa = PBXBuildFile; fileRef = BA1949351E4AF82F00881887 /* BPTestBundleConnection.m */; };
		BA19493A1E4AF83E00881887 /* BPTestDaemonConnection.m in Sources */ = {isa = PBXBuildFile; fileRef = BA1949391E4AF83E00881887 /* BPTestDaemonConnection.m */; };
		BA19493B1E4AF83E00881887 /* BPTestDaemonConnection.m in Sources */ = {isa = PBXBuildFile; fileRef = BA1949391E4AF83E00881887 /* BPTestDaemonConnection.m */; };
		BA34F5E41D6D75E30063B17F /* SimulatorHelper.m in Sources */ = {isa = PBXBuildFile; fileRef = BA34F5E31D6D75E30063B17F /* SimulatorHelper.m */; };
		BA4800EA1DC2C74600026972 /* BPAppNegativeTests-results.xml in Resources */ = {isa = PBXBuildFile; fileRef = BA4800E91DC2C74600026972 /* BPAppNegativeTests-results.xml */; };
		BA4BCFAC1DC3FA3D00592FA4 /* crash_tests.xml in Resources */ = {isa = PBXBuildFile; fileRef = BA4BCFAB1DC3FA3D00592FA4 /* crash_tests.xml */; };
		BA4BCFD11DC4888800592FA4 /* hanging_tests.xml in Resources */ = {isa = PBXBuildFile; fileRef = BA4BCFD01DC4888800592FA4 /* hanging_tests.xml */; };
		BA53B16C1E30931E00FCED71 /* BPConstants.m in Sources */ = {isa = PBXBuildFile; fileRef = BA53B16B1E30931E00FCED71 /* BPConstants.m */; };
		BA53B1701E30A0F100FCED71 /* BPConstants.m in Sources */ = {isa = PBXBuildFile; fileRef = BA53B16B1E30931E00FCED71 /* BPConstants.m */; };
		BA6E53021FA8F9FD00D80675 /* demo.mov in Resources */ = {isa = PBXBuildFile; fileRef = BA6E53011FA8F9F100D80675 /* demo.mov */; };
		BA6E53061FA8FA2500D80675 /* image.png in Resources */ = {isa = PBXBuildFile; fileRef = BA6E53051FA8FA2000D80675 /* image.png */; };
		BA944BD01D76A39A00A4BDA3 /* Bluepill.m in Sources */ = {isa = PBXBuildFile; fileRef = BA944BCF1D76A39A00A4BDA3 /* Bluepill.m */; };
		BA9C2DE01DD84A72007CB967 /* fatal_tests.xml in Resources */ = {isa = PBXBuildFile; fileRef = BA9C2DDF1DD84A72007CB967 /* fatal_tests.xml */; };
		BAB24F711DB5DBED00867756 /* SimulatorHelperTests.m in Sources */ = {isa = PBXBuildFile; fileRef = BAB24F701DB5DBED00867756 /* SimulatorHelperTests.m */; };
		BAB24F741DB5DFA200867756 /* BPTestHelper.m in Sources */ = {isa = PBXBuildFile; fileRef = BAB24F731DB5DFA200867756 /* BPTestHelper.m */; };
		BAD558CF1DB6DC1C00C9A5CD /* Bluepill.m in Sources */ = {isa = PBXBuildFile; fileRef = BA944BCF1D76A39A00A4BDA3 /* Bluepill.m */; };
		BAD558D01DB6DC1C00C9A5CD /* BPStats.m in Sources */ = {isa = PBXBuildFile; fileRef = 7A7D66011DB679820015C937 /* BPStats.m */; };
		BAD558D21DB6DC1C00C9A5CD /* SimulatorHelper.m in Sources */ = {isa = PBXBuildFile; fileRef = BA34F5E31D6D75E30063B17F /* SimulatorHelper.m */; };
		BAD558D31DB6DC1C00C9A5CD /* SimulatorMonitor.m in Sources */ = {isa = PBXBuildFile; fileRef = 7A4933141DAD63A50060D54F /* SimulatorMonitor.m */; };
		BAD558D41DB6DCB100C9A5CD /* BPReporters.m in Sources */ = {isa = PBXBuildFile; fileRef = 7A564C081DA817DE001BCEC2 /* BPReporters.m */; };
		BAD558D51DB6DCB100C9A5CD /* BPTreeObjects.m in Sources */ = {isa = PBXBuildFile; fileRef = 7A564C0A1DA817DE001BCEC2 /* BPTreeObjects.m */; };
		BAD558D61DB6DCB100C9A5CD /* BPTreeParser.m in Sources */ = {isa = PBXBuildFile; fileRef = 7A564C0C1DA817DE001BCEC2 /* BPTreeParser.m */; };
		BAD558D71DB6DCB100C9A5CD /* BPWriter.m in Sources */ = {isa = PBXBuildFile; fileRef = 7A202A401DB0066100D935E3 /* BPWriter.m */; };
		BAFA2F791E567EE80072C69B /* BPSimulator.m in Sources */ = {isa = PBXBuildFile; fileRef = BAFA2F781E567EE80072C69B /* BPSimulator.m */; };
		BAFA2F7A1E567EE80072C69B /* BPSimulator.m in Sources */ = {isa = PBXBuildFile; fileRef = BAFA2F781E567EE80072C69B /* BPSimulator.m */; };
		C41A2C721E0B2497005D9751 /* BPXCTestFile.m in Sources */ = {isa = PBXBuildFile; fileRef = C41A2C711E0B2497005D9751 /* BPXCTestFile.m */; };
		C41A2C771E0B24E8005D9751 /* BPTestCase.m in Sources */ = {isa = PBXBuildFile; fileRef = C41A2C741E0B24E8005D9751 /* BPTestCase.m */; };
		C41A2C781E0B24E8005D9751 /* BPTestClass.m in Sources */ = {isa = PBXBuildFile; fileRef = C41A2C761E0B24E8005D9751 /* BPTestClass.m */; };
		C41A2C791E0B42E9005D9751 /* BPXCTestFile.m in Sources */ = {isa = PBXBuildFile; fileRef = C41A2C711E0B2497005D9751 /* BPXCTestFile.m */; };
		C41A2C7A1E0B4306005D9751 /* BPTestCase.m in Sources */ = {isa = PBXBuildFile; fileRef = C41A2C741E0B24E8005D9751 /* BPTestCase.m */; };
		C41A2C7B1E0B4306005D9751 /* BPTestClass.m in Sources */ = {isa = PBXBuildFile; fileRef = C41A2C761E0B24E8005D9751 /* BPTestClass.m */; };
		C45476AC1FD762B5006C7D9E /* uitest-failed.log in Resources */ = {isa = PBXBuildFile; fileRef = C45476AB1FD762B4006C7D9E /* uitest-failed.log */; };
		C467E54A1DC930D200BC80EE /* BPCLITests.m in Sources */ = {isa = PBXBuildFile; fileRef = C467E5491DC930D200BC80EE /* BPCLITests.m */; };
		C469B1581FE1A420002246BF /* crash_tests_with_retry.xml in Resources */ = {isa = PBXBuildFile; fileRef = C469B1571FE1A41F002246BF /* crash_tests_with_retry.xml */; };
		C497EC852006DBD5003CB36E /* crash_tests_with_retry_2.xml in Resources */ = {isa = PBXBuildFile; fileRef = C497EC842006DBD5003CB36E /* crash_tests_with_retry_2.xml */; };
		C4FAC2951E5E67ED00ACC5D9 /* testConfig-busted.json in Resources */ = {isa = PBXBuildFile; fileRef = C4FAC2941E5E67ED00ACC5D9 /* testConfig-busted.json */; };
/* End PBXBuildFile section */

/* Begin PBXCopyFilesBuildPhase section */
		7A7901801D5CB679004D4325 /* CopyFiles */ = {
			isa = PBXCopyFilesBuildPhase;
			buildActionMask = 2147483647;
			dstPath = /usr/share/man/man1/;
			dstSubfolderSpec = 0;
			files = (
			);
			runOnlyForDeploymentPostprocessing = 1;
		};
/* End PBXCopyFilesBuildPhase section */

/* Begin PBXFileReference section */
		7A202A3D1DAED04900D935E3 /* BPExitStatus.h */ = {isa = PBXFileReference; lastKnownFileType = sourcecode.c.h; path = BPExitStatus.h; sourceTree = "<group>"; };
		7A202A3F1DB0066100D935E3 /* BPWriter.h */ = {isa = PBXFileReference; fileEncoding = 4; lastKnownFileType = sourcecode.c.h; path = BPWriter.h; sourceTree = "<group>"; };
		7A202A401DB0066100D935E3 /* BPWriter.m */ = {isa = PBXFileReference; fileEncoding = 4; lastKnownFileType = sourcecode.c.objc; path = BPWriter.m; sourceTree = "<group>"; };
		7A4933121DAD28C70060D54F /* BPExecutionPhaseProtocol.h */ = {isa = PBXFileReference; lastKnownFileType = sourcecode.c.h; path = BPExecutionPhaseProtocol.h; sourceTree = "<group>"; };
		7A4933131DAD63A50060D54F /* SimulatorMonitor.h */ = {isa = PBXFileReference; fileEncoding = 4; lastKnownFileType = sourcecode.c.h; path = SimulatorMonitor.h; sourceTree = "<group>"; };
		7A4933141DAD63A50060D54F /* SimulatorMonitor.m */ = {isa = PBXFileReference; fileEncoding = 4; lastKnownFileType = sourcecode.c.objc; path = SimulatorMonitor.m; sourceTree = "<group>"; };
		7A4D7A801DDA5FA1001E085D /* BPTreeParserTests.m */ = {isa = PBXFileReference; fileEncoding = 4; lastKnownFileType = sourcecode.c.objc; path = BPTreeParserTests.m; sourceTree = "<group>"; };
		7A4D7A821DDA5FEA001E085D /* parse_crash.log */ = {isa = PBXFileReference; fileEncoding = 4; lastKnownFileType = text; path = parse_crash.log; sourceTree = "<group>"; };
		7A4D7A851DDBB156001E085D /* BPExitStatus.m */ = {isa = PBXFileReference; fileEncoding = 4; lastKnownFileType = sourcecode.c.objc; path = BPExitStatus.m; sourceTree = "<group>"; };
		7A4D7A881DDE3A85001E085D /* intermixed_crash.log */ = {isa = PBXFileReference; fileEncoding = 4; lastKnownFileType = text; path = intermixed_crash.log; sourceTree = "<group>"; };
		7A4FB8CD1DF89A790073F268 /* BPConfiguration.h */ = {isa = PBXFileReference; fileEncoding = 4; lastKnownFileType = sourcecode.c.h; path = BPConfiguration.h; sourceTree = "<group>"; };
		7A4FB8CE1DF89A790073F268 /* BPConfiguration.m */ = {isa = PBXFileReference; fileEncoding = 4; lastKnownFileType = sourcecode.c.objc; lineEnding = 0; path = BPConfiguration.m; sourceTree = "<group>"; xcLanguageSpecificationIdentifier = xcode.lang.objc; };
		7A4FB8CF1DF89A790073F268 /* BPUtils.h */ = {isa = PBXFileReference; fileEncoding = 4; lastKnownFileType = sourcecode.c.h; path = BPUtils.h; sourceTree = "<group>"; };
		7A4FB8D01DF89A790073F268 /* BPUtils.m */ = {isa = PBXFileReference; fileEncoding = 4; lastKnownFileType = sourcecode.c.objc; path = BPUtils.m; sourceTree = "<group>"; };
		7A4FB8E51DF8AD4F0073F268 /* missed-crash.log */ = {isa = PBXFileReference; fileEncoding = 4; lastKnownFileType = text; path = "missed-crash.log"; sourceTree = "<group>"; };
		7A4FB8E71DFB66980073F268 /* error_only_crash.log */ = {isa = PBXFileReference; fileEncoding = 4; lastKnownFileType = text; path = error_only_crash.log; sourceTree = "<group>"; };
		7A564C071DA817DE001BCEC2 /* BPReporters.h */ = {isa = PBXFileReference; fileEncoding = 4; lastKnownFileType = sourcecode.c.h; path = BPReporters.h; sourceTree = "<group>"; };
		7A564C081DA817DE001BCEC2 /* BPReporters.m */ = {isa = PBXFileReference; fileEncoding = 4; lastKnownFileType = sourcecode.c.objc; path = BPReporters.m; sourceTree = "<group>"; };
		7A564C091DA817DE001BCEC2 /* BPTreeObjects.h */ = {isa = PBXFileReference; fileEncoding = 4; lastKnownFileType = sourcecode.c.h; path = BPTreeObjects.h; sourceTree = "<group>"; };
		7A564C0A1DA817DE001BCEC2 /* BPTreeObjects.m */ = {isa = PBXFileReference; fileEncoding = 4; lastKnownFileType = sourcecode.c.objc; path = BPTreeObjects.m; sourceTree = "<group>"; };
		7A564C0B1DA817DE001BCEC2 /* BPTreeParser.h */ = {isa = PBXFileReference; fileEncoding = 4; lastKnownFileType = sourcecode.c.h; path = BPTreeParser.h; sourceTree = "<group>"; };
		7A564C0C1DA817DE001BCEC2 /* BPTreeParser.m */ = {isa = PBXFileReference; fileEncoding = 4; lastKnownFileType = sourcecode.c.objc; path = BPTreeParser.m; sourceTree = "<group>"; };
		7A58D0741D622BF0002F6B6D /* DVTiPhoneSimulatorRemoteClient.framework */ = {isa = PBXFileReference; lastKnownFileType = wrapper.framework; name = DVTiPhoneSimulatorRemoteClient.framework; path = ../SharedFrameworks/DVTiPhoneSimulatorRemoteClient.framework; sourceTree = DEVELOPER_DIR; };
		7A58D2E51D62689B002F6B6D /* DVTFoundation.framework */ = {isa = PBXFileReference; lastKnownFileType = wrapper.framework; name = DVTFoundation.framework; path = ../SharedFrameworks/DVTFoundation.framework; sourceTree = DEVELOPER_DIR; };
		7A7901821D5CB679004D4325 /* bp */ = {isa = PBXFileReference; explicitFileType = "compiled.mach-o.executable"; includeInIndex = 0; path = bp; sourceTree = BUILT_PRODUCTS_DIR; };
		7A7901851D5CB679004D4325 /* main.m */ = {isa = PBXFileReference; lastKnownFileType = sourcecode.c.objc; name = main.m; path = "Bluepill-cli/main.m"; sourceTree = "<group>"; };
		7A79018C1D5CF113004D4325 /* bluepill-cli.xcconfig */ = {isa = PBXFileReference; fileEncoding = 4; lastKnownFileType = text.xcconfig; path = "bluepill-cli.xcconfig"; sourceTree = "<group>"; };
		7A79018E1D5D136F004D4325 /* CoreSimulator.framework */ = {isa = PBXFileReference; lastKnownFileType = wrapper.framework; name = CoreSimulator.framework; path = Library/PrivateFrameworks/CoreSimulator.framework; sourceTree = DEVELOPER_DIR; };
		7A7D66001DB679820015C937 /* BPStats.h */ = {isa = PBXFileReference; fileEncoding = 4; lastKnownFileType = sourcecode.c.h; path = BPStats.h; sourceTree = "<group>"; };
		7A7D66011DB679820015C937 /* BPStats.m */ = {isa = PBXFileReference; fileEncoding = 4; lastKnownFileType = sourcecode.c.objc; path = BPStats.m; sourceTree = "<group>"; };
		7A7E7BAE1DF2066B007928F3 /* BPHandler.h */ = {isa = PBXFileReference; fileEncoding = 4; lastKnownFileType = sourcecode.c.h; path = BPHandler.h; sourceTree = "<group>"; };
		7A7E7BAF1DF2066B007928F3 /* BPHandler.m */ = {isa = PBXFileReference; fileEncoding = 4; lastKnownFileType = sourcecode.c.objc; path = BPHandler.m; sourceTree = "<group>"; };
		7A7E7BB11DF20F81007928F3 /* BPApplicationLaunchHandler.h */ = {isa = PBXFileReference; fileEncoding = 4; lastKnownFileType = sourcecode.c.h; path = BPApplicationLaunchHandler.h; sourceTree = "<group>"; };
		7A7E7BB21DF20F81007928F3 /* BPApplicationLaunchHandler.m */ = {isa = PBXFileReference; fileEncoding = 4; lastKnownFileType = sourcecode.c.objc; path = BPApplicationLaunchHandler.m; sourceTree = "<group>"; };
		7A7E7BB61DF2173C007928F3 /* BPCreateSimulatorHandler.h */ = {isa = PBXFileReference; fileEncoding = 4; lastKnownFileType = sourcecode.c.h; path = BPCreateSimulatorHandler.h; sourceTree = "<group>"; };
		7A7E7BB71DF2173C007928F3 /* BPCreateSimulatorHandler.m */ = {isa = PBXFileReference; fileEncoding = 4; lastKnownFileType = sourcecode.c.objc; path = BPCreateSimulatorHandler.m; sourceTree = "<group>"; };
		7A7E7BBA1DF21749007928F3 /* BPDeleteSimulatorHandler.h */ = {isa = PBXFileReference; fileEncoding = 4; lastKnownFileType = sourcecode.c.h; path = BPDeleteSimulatorHandler.h; sourceTree = "<group>"; };
		7A7E7BBB1DF21749007928F3 /* BPDeleteSimulatorHandler.m */ = {isa = PBXFileReference; fileEncoding = 4; lastKnownFileType = sourcecode.c.objc; path = BPDeleteSimulatorHandler.m; sourceTree = "<group>"; };
		7A7E7BBE1DF22CE1007928F3 /* BPExecutionContext.h */ = {isa = PBXFileReference; fileEncoding = 4; lastKnownFileType = sourcecode.c.h; path = BPExecutionContext.h; sourceTree = "<group>"; };
		7A7E7BBF1DF22CE1007928F3 /* BPExecutionContext.m */ = {isa = PBXFileReference; fileEncoding = 4; lastKnownFileType = sourcecode.c.objc; path = BPExecutionContext.m; sourceTree = "<group>"; };
		7A7E7BC21DF5BA45007928F3 /* badfilename.log */ = {isa = PBXFileReference; fileEncoding = 4; lastKnownFileType = text; path = badfilename.log; sourceTree = "<group>"; };
		7AA4C2281E4A797E00FAA39E /* multiple_reports_for_one_error.log */ = {isa = PBXFileReference; fileEncoding = 4; lastKnownFileType = text; path = multiple_reports_for_one_error.log; sourceTree = "<group>"; };
		7AAE7AAE1DB7DC1E009B5549 /* BPRegexTests.m */ = {isa = PBXFileReference; fileEncoding = 4; lastKnownFileType = sourcecode.c.objc; path = BPRegexTests.m; sourceTree = "<group>"; };
		7AB912FE1D5E209800621608 /* AppKit.framework */ = {isa = PBXFileReference; lastKnownFileType = wrapper.framework; name = AppKit.framework; path = System/Library/Frameworks/AppKit.framework; sourceTree = SDKROOT; };
		7AB912FF1D5E209800621608 /* Foundation.framework */ = {isa = PBXFileReference; lastKnownFileType = wrapper.framework; name = Foundation.framework; path = System/Library/Frameworks/Foundation.framework; sourceTree = SDKROOT; };
		7ACE1F6D1DD397F800C0FA73 /* BPWaitTimer.h */ = {isa = PBXFileReference; fileEncoding = 4; lastKnownFileType = sourcecode.c.h; path = BPWaitTimer.h; sourceTree = "<group>"; };
		7ACE1F6E1DD397F800C0FA73 /* BPWaitTimer.m */ = {isa = PBXFileReference; fileEncoding = 4; lastKnownFileType = sourcecode.c.objc; path = BPWaitTimer.m; sourceTree = "<group>"; };
		7ACE1F711DD3D27D00C0FA73 /* WaitTimerTests.m */ = {isa = PBXFileReference; fileEncoding = 4; lastKnownFileType = sourcecode.c.objc; path = WaitTimerTests.m; sourceTree = "<group>"; };
		7ADBB1451DCBBC0E00DC4E8D /* BPTreeAssembler.h */ = {isa = PBXFileReference; fileEncoding = 4; lastKnownFileType = sourcecode.c.h; path = BPTreeAssembler.h; sourceTree = "<group>"; };
		7ADBB1461DCBBC0E00DC4E8D /* BPTreeAssembler.m */ = {isa = PBXFileReference; fileEncoding = 4; lastKnownFileType = sourcecode.c.objc; path = BPTreeAssembler.m; sourceTree = "<group>"; };
		7D0D40961F80DB0A00F27A59 /* SimulatorScreenshotService.h */ = {isa = PBXFileReference; fileEncoding = 4; lastKnownFileType = sourcecode.c.h; path = SimulatorScreenshotService.h; sourceTree = "<group>"; };
		7D0D40971F80DB0A00F27A59 /* SimulatorScreenshotService.m */ = {isa = PBXFileReference; fileEncoding = 4; lastKnownFileType = sourcecode.c.objc; path = SimulatorScreenshotService.m; sourceTree = "<group>"; };
		7DDFED931F8188CC00D1357C /* SimDeviceIOProtocol-Protocol.h */ = {isa = PBXFileReference; lastKnownFileType = sourcecode.c.h; path = "SimDeviceIOProtocol-Protocol.h"; sourceTree = "<group>"; };
		7DDFED941F8188EC00D1357C /* SimDeviceIOPortDescriptorState-Protocol.h */ = {isa = PBXFileReference; fileEncoding = 4; lastKnownFileType = sourcecode.c.h; path = "SimDeviceIOPortDescriptorState-Protocol.h"; sourceTree = "<group>"; };
		7DDFED961F81896C00D1357C /* SimDeviceFramebufferService.h */ = {isa = PBXFileReference; lastKnownFileType = sourcecode.c.h; path = SimDeviceFramebufferService.h; sourceTree = "<group>"; };
		B324B91C1F280AD100AAE2BC /* CoreSimulator.framework */ = {isa = PBXFileReference; lastKnownFileType = wrapper.framework; name = CoreSimulator.framework; path = ../../../../../../../Library/Developer/PrivateFrameworks/CoreSimulator.framework; sourceTree = "<group>"; };
		BA0096FD1DCA5D810000DD45 /* testConfigRelativePath.json */ = {isa = PBXFileReference; fileEncoding = 4; lastKnownFileType = text.json; path = testConfigRelativePath.json; sourceTree = "<group>"; };
		BA0096FF1DCA61210000DD45 /* BPConfigurationTests.m */ = {isa = PBXFileReference; fileEncoding = 4; lastKnownFileType = sourcecode.c.objc; path = BPConfigurationTests.m; sourceTree = "<group>"; };
		BA0097011DCA626F0000DD45 /* BPConfiguration+Test.h */ = {isa = PBXFileReference; fileEncoding = 4; lastKnownFileType = sourcecode.c.h; path = "BPConfiguration+Test.h"; sourceTree = "<group>"; };
		BA0C554C1DDAE241009E1377 /* failure_retry_report.xml */ = {isa = PBXFileReference; fileEncoding = 4; lastKnownFileType = text.xml; path = failure_retry_report.xml; sourceTree = "<group>"; };
		BA1809B71DB89B5600D7D130 /* BluepillTests.m */ = {isa = PBXFileReference; fileEncoding = 4; lastKnownFileType = sourcecode.c.objc; path = BluepillTests.m; sourceTree = "<group>"; };
		BA1809BC1DB89B8B00D7D130 /* AppKit.framework */ = {isa = PBXFileReference; lastKnownFileType = wrapper.framework; name = AppKit.framework; path = Platforms/MacOSX.platform/Developer/SDKs/MacOSX.sdk/System/Library/Frameworks/AppKit.framework; sourceTree = DEVELOPER_DIR; };
		BA180A081DBB00FA00D7D130 /* BPUtilsTests.m */ = {isa = PBXFileReference; fileEncoding = 4; lastKnownFileType = sourcecode.c.objc; path = BPUtilsTests.m; sourceTree = "<group>"; };
		BA180A0B1DBB011200D7D130 /* testConfig.json */ = {isa = PBXFileReference; fileEncoding = 4; lastKnownFileType = text.json; path = testConfig.json; sourceTree = "<group>"; };
		BA180A131DBB088100D7D130 /* testScheme.xcscheme */ = {isa = PBXFileReference; fileEncoding = 4; lastKnownFileType = text.xml; path = testScheme.xcscheme; sourceTree = "<group>"; };
		BA1949341E4AF82F00881887 /* BPTestBundleConnection.h */ = {isa = PBXFileReference; fileEncoding = 4; lastKnownFileType = sourcecode.c.h; path = BPTestBundleConnection.h; sourceTree = "<group>"; };
		BA1949351E4AF82F00881887 /* BPTestBundleConnection.m */ = {isa = PBXFileReference; fileEncoding = 4; lastKnownFileType = sourcecode.c.objc; path = BPTestBundleConnection.m; sourceTree = "<group>"; };
		BA1949381E4AF83E00881887 /* BPTestDaemonConnection.h */ = {isa = PBXFileReference; fileEncoding = 4; lastKnownFileType = sourcecode.c.h; path = BPTestDaemonConnection.h; sourceTree = "<group>"; };
		BA1949391E4AF83E00881887 /* BPTestDaemonConnection.m */ = {isa = PBXFileReference; fileEncoding = 4; lastKnownFileType = sourcecode.c.objc; path = BPTestDaemonConnection.m; sourceTree = "<group>"; };
		BA34F5E21D6D75E30063B17F /* SimulatorHelper.h */ = {isa = PBXFileReference; fileEncoding = 4; lastKnownFileType = sourcecode.c.h; path = SimulatorHelper.h; sourceTree = "<group>"; };
		BA34F5E31D6D75E30063B17F /* SimulatorHelper.m */ = {isa = PBXFileReference; fileEncoding = 4; lastKnownFileType = sourcecode.c.objc; path = SimulatorHelper.m; sourceTree = "<group>"; };
		BA34F5E61D6D78120063B17F /* XCTestConfiguration.h */ = {isa = PBXFileReference; lastKnownFileType = sourcecode.c.h; path = XCTestConfiguration.h; sourceTree = "<group>"; };
		BA4800E91DC2C74600026972 /* BPAppNegativeTests-results.xml */ = {isa = PBXFileReference; fileEncoding = 4; lastKnownFileType = text.xml; path = "BPAppNegativeTests-results.xml"; sourceTree = "<group>"; };
		BA4BCFAB1DC3FA3D00592FA4 /* crash_tests.xml */ = {isa = PBXFileReference; fileEncoding = 4; lastKnownFileType = text.xml; path = crash_tests.xml; sourceTree = "<group>"; };
		BA4BCFD01DC4888800592FA4 /* hanging_tests.xml */ = {isa = PBXFileReference; fileEncoding = 4; lastKnownFileType = text.xml; path = hanging_tests.xml; sourceTree = "<group>"; };
		BA53B16A1E30931E00FCED71 /* BPConstants.h */ = {isa = PBXFileReference; fileEncoding = 4; lastKnownFileType = sourcecode.c.h; path = BPConstants.h; sourceTree = "<group>"; };
		BA53B16B1E30931E00FCED71 /* BPConstants.m */ = {isa = PBXFileReference; fileEncoding = 4; lastKnownFileType = sourcecode.c.objc; path = BPConstants.m; sourceTree = "<group>"; };
		BA6E53011FA8F9F100D80675 /* demo.mov */ = {isa = PBXFileReference; lastKnownFileType = video.quicktime; path = demo.mov; sourceTree = "<group>"; };
		BA6E53051FA8FA2000D80675 /* image.png */ = {isa = PBXFileReference; lastKnownFileType = image.png; path = image.png; sourceTree = "<group>"; };
		BA944BCE1D76A39A00A4BDA3 /* Bluepill.h */ = {isa = PBXFileReference; fileEncoding = 4; lastKnownFileType = sourcecode.c.h; path = Bluepill.h; sourceTree = "<group>"; };
		BA944BCF1D76A39A00A4BDA3 /* Bluepill.m */ = {isa = PBXFileReference; fileEncoding = 4; lastKnownFileType = sourcecode.c.objc; path = Bluepill.m; sourceTree = "<group>"; };
		BA954F571D6D1AB3007D011D /* CDStructures.h */ = {isa = PBXFileReference; lastKnownFileType = sourcecode.c.h; path = CDStructures.h; sourceTree = "<group>"; };
		BA954F581D6D1AB3007D011D /* CoreSimulator.h */ = {isa = PBXFileReference; lastKnownFileType = sourcecode.c.h; path = CoreSimulator.h; sourceTree = "<group>"; };
		BA954F5A1D6D1AB3007D011D /* NSArray-SimArgv.h */ = {isa = PBXFileReference; lastKnownFileType = sourcecode.c.h; path = "NSArray-SimArgv.h"; sourceTree = "<group>"; };
		BA954F5B1D6D1AB3007D011D /* NSCoding-Protocol.h */ = {isa = PBXFileReference; lastKnownFileType = sourcecode.c.h; path = "NSCoding-Protocol.h"; sourceTree = "<group>"; };
		BA954F5C1D6D1AB3007D011D /* NSDictionary-SimEnvp.h */ = {isa = PBXFileReference; lastKnownFileType = sourcecode.c.h; path = "NSDictionary-SimEnvp.h"; sourceTree = "<group>"; };
		BA954F5D1D6D1AB3007D011D /* NSError-SimError.h */ = {isa = PBXFileReference; lastKnownFileType = sourcecode.c.h; path = "NSError-SimError.h"; sourceTree = "<group>"; };
		BA954F601D6D1AB3007D011D /* NSObject-Protocol.h */ = {isa = PBXFileReference; lastKnownFileType = sourcecode.c.h; path = "NSObject-Protocol.h"; sourceTree = "<group>"; };
		BA954F611D6D1AB3007D011D /* NSPasteboardItem-SimPasteboardItem.h */ = {isa = PBXFileReference; lastKnownFileType = sourcecode.c.h; path = "NSPasteboardItem-SimPasteboardItem.h"; sourceTree = "<group>"; };
		BA954F621D6D1AB3007D011D /* NSPasteboardItemDataProvider-Protocol.h */ = {isa = PBXFileReference; lastKnownFileType = sourcecode.c.h; path = "NSPasteboardItemDataProvider-Protocol.h"; sourceTree = "<group>"; };
		BA954F631D6D1AB3007D011D /* NSSecureCoding-Protocol.h */ = {isa = PBXFileReference; lastKnownFileType = sourcecode.c.h; path = "NSSecureCoding-Protocol.h"; sourceTree = "<group>"; };
		BA954F641D6D1AB3007D011D /* NSString-SIMCPUType.h */ = {isa = PBXFileReference; lastKnownFileType = sourcecode.c.h; path = "NSString-SIMCPUType.h"; sourceTree = "<group>"; };
		BA954F651D6D1AB3007D011D /* NSString-SIMPackedVersion.h */ = {isa = PBXFileReference; lastKnownFileType = sourcecode.c.h; path = "NSString-SIMPackedVersion.h"; sourceTree = "<group>"; };
		BA954F671D6D1AB3007D011D /* NSUserDefaults-SimDefaults.h */ = {isa = PBXFileReference; lastKnownFileType = sourcecode.c.h; path = "NSUserDefaults-SimDefaults.h"; sourceTree = "<group>"; };
		BA954F681D6D1AB3007D011D /* SimDevice.h */ = {isa = PBXFileReference; lastKnownFileType = sourcecode.c.h; path = SimDevice.h; sourceTree = "<group>"; };
		BA954F691D6D1AB3007D011D /* SimDeviceIO.h */ = {isa = PBXFileReference; lastKnownFileType = sourcecode.c.h; path = SimDeviceIO.h; sourceTree = "<group>"; };
		BA954F6A1D6D1AB3007D011D /* SimDeviceIOClient.h */ = {isa = PBXFileReference; lastKnownFileType = sourcecode.c.h; path = SimDeviceIOClient.h; sourceTree = "<group>"; };
		BA954F6B1D6D1AB3007D011D /* SimDeviceIOInterface-Protocol.h */ = {isa = PBXFileReference; lastKnownFileType = sourcecode.c.h; path = "SimDeviceIOInterface-Protocol.h"; sourceTree = "<group>"; };
		BA954F6C1D6D1AB3007D011D /* SimDeviceIOLoadedBundle.h */ = {isa = PBXFileReference; lastKnownFileType = sourcecode.c.h; path = SimDeviceIOLoadedBundle.h; sourceTree = "<group>"; };
		BA954F6E1D6D1AB3007D011D /* SimDeviceIOServer.h */ = {isa = PBXFileReference; lastKnownFileType = sourcecode.c.h; path = SimDeviceIOServer.h; sourceTree = "<group>"; };
		BA954F6F1D6D1AB3007D011D /* SimDeviceNotificationManager.h */ = {isa = PBXFileReference; lastKnownFileType = sourcecode.c.h; path = SimDeviceNotificationManager.h; sourceTree = "<group>"; };
		BA954F701D6D1AB3007D011D /* SimDeviceNotifier-Protocol.h */ = {isa = PBXFileReference; lastKnownFileType = sourcecode.c.h; path = "SimDeviceNotifier-Protocol.h"; sourceTree = "<group>"; };
		BA954F711D6D1AB3007D011D /* SimDevicePair.h */ = {isa = PBXFileReference; lastKnownFileType = sourcecode.c.h; path = SimDevicePair.h; sourceTree = "<group>"; };
		BA954F721D6D1AB3007D011D /* SimDevicePasteboard.h */ = {isa = PBXFileReference; lastKnownFileType = sourcecode.c.h; path = SimDevicePasteboard.h; sourceTree = "<group>"; };
		BA954F731D6D1AB3007D011D /* SimDevicePasteboardConnection.h */ = {isa = PBXFileReference; lastKnownFileType = sourcecode.c.h; path = SimDevicePasteboardConnection.h; sourceTree = "<group>"; };
		BA954F741D6D1AB3007D011D /* SimDevicePasteboardItem.h */ = {isa = PBXFileReference; lastKnownFileType = sourcecode.c.h; path = SimDevicePasteboardItem.h; sourceTree = "<group>"; };
		BA954F751D6D1AB3007D011D /* SimDeviceSet.h */ = {isa = PBXFileReference; lastKnownFileType = sourcecode.c.h; path = SimDeviceSet.h; sourceTree = "<group>"; };
		BA954F761D6D1AB3007D011D /* SimDeviceType.h */ = {isa = PBXFileReference; lastKnownFileType = sourcecode.c.h; path = SimDeviceType.h; sourceTree = "<group>"; };
		BA954F771D6D1AB3007D011D /* SimDisplayDescriptorState-Protocol.h */ = {isa = PBXFileReference; lastKnownFileType = sourcecode.c.h; path = "SimDisplayDescriptorState-Protocol.h"; sourceTree = "<group>"; };
		BA954F781D6D1AB3007D011D /* SimLocalThrowable.h */ = {isa = PBXFileReference; lastKnownFileType = sourcecode.c.h; path = SimLocalThrowable.h; sourceTree = "<group>"; };
		BA954F791D6D1AB3007D011D /* SimMachPortServer.h */ = {isa = PBXFileReference; lastKnownFileType = sourcecode.c.h; path = SimMachPortServer.h; sourceTree = "<group>"; };
		BA954F7A1D6D1AB3007D011D /* SimNSPasteboard.h */ = {isa = PBXFileReference; lastKnownFileType = sourcecode.c.h; path = SimNSPasteboard.h; sourceTree = "<group>"; };
		BA954F7B1D6D1AB3007D011D /* SimNSPasteboardItem.h */ = {isa = PBXFileReference; lastKnownFileType = sourcecode.c.h; path = SimNSPasteboardItem.h; sourceTree = "<group>"; };
		BA954F7C1D6D1AB3007D011D /* SimPasteboard-Protocol.h */ = {isa = PBXFileReference; lastKnownFileType = sourcecode.c.h; path = "SimPasteboard-Protocol.h"; sourceTree = "<group>"; };
		BA954F7D1D6D1AB3007D011D /* SimPasteboardItem.h */ = {isa = PBXFileReference; lastKnownFileType = sourcecode.c.h; path = SimPasteboardItem.h; sourceTree = "<group>"; };
		BA954F7E1D6D1AB3007D011D /* SimPasteboardItemData.h */ = {isa = PBXFileReference; lastKnownFileType = sourcecode.c.h; path = SimPasteboardItemData.h; sourceTree = "<group>"; };
		BA954F7F1D6D1AB3007D011D /* SimPasteboardItemDataProvider-Protocol.h */ = {isa = PBXFileReference; lastKnownFileType = sourcecode.c.h; path = "SimPasteboardItemDataProvider-Protocol.h"; sourceTree = "<group>"; };
		BA954F801D6D1AB3007D011D /* SimPasteboardItemWrappedData.h */ = {isa = PBXFileReference; lastKnownFileType = sourcecode.c.h; path = SimPasteboardItemWrappedData.h; sourceTree = "<group>"; };
		BA954F811D6D1AB3007D011D /* SimPasteboardPortMap.h */ = {isa = PBXFileReference; lastKnownFileType = sourcecode.c.h; path = SimPasteboardPortMap.h; sourceTree = "<group>"; };
		BA954F821D6D1AB3007D011D /* SimProfilesPathMonitor.h */ = {isa = PBXFileReference; lastKnownFileType = sourcecode.c.h; path = SimProfilesPathMonitor.h; sourceTree = "<group>"; };
		BA954F831D6D1AB3007D011D /* SimRuntime.h */ = {isa = PBXFileReference; lastKnownFileType = sourcecode.c.h; path = SimRuntime.h; sourceTree = "<group>"; };
		BA954F841D6D1AB3007D011D /* SimRuntimePairingReuirements.h */ = {isa = PBXFileReference; lastKnownFileType = sourcecode.c.h; path = SimRuntimePairingReuirements.h; sourceTree = "<group>"; };
		BA954F851D6D1AB3007D011D /* SimServiceContext.h */ = {isa = PBXFileReference; lastKnownFileType = sourcecode.c.h; path = SimServiceContext.h; sourceTree = "<group>"; };
		BA9C2DDF1DD84A72007CB967 /* fatal_tests.xml */ = {isa = PBXFileReference; fileEncoding = 4; lastKnownFileType = text.xml; path = fatal_tests.xml; sourceTree = "<group>"; };
		BAB24F681DB5DB2300867756 /* BPInstanceTests.xctest */ = {isa = PBXFileReference; explicitFileType = wrapper.cfbundle; includeInIndex = 0; path = BPInstanceTests.xctest; sourceTree = BUILT_PRODUCTS_DIR; };
		BAB24F6C1DB5DB2300867756 /* Info.plist */ = {isa = PBXFileReference; lastKnownFileType = text.plist.xml; path = Info.plist; sourceTree = "<group>"; };
		BAB24F701DB5DBED00867756 /* SimulatorHelperTests.m */ = {isa = PBXFileReference; fileEncoding = 4; lastKnownFileType = sourcecode.c.objc; path = SimulatorHelperTests.m; sourceTree = "<group>"; };
		BAB24F721DB5DFA200867756 /* BPTestHelper.h */ = {isa = PBXFileReference; fileEncoding = 4; lastKnownFileType = sourcecode.c.h; path = BPTestHelper.h; sourceTree = "<group>"; };
		BAB24F731DB5DFA200867756 /* BPTestHelper.m */ = {isa = PBXFileReference; fileEncoding = 4; lastKnownFileType = sourcecode.c.objc; path = BPTestHelper.m; sourceTree = "<group>"; };
		BAFA2F771E567EE80072C69B /* BPSimulator.h */ = {isa = PBXFileReference; fileEncoding = 4; lastKnownFileType = sourcecode.c.h; path = BPSimulator.h; sourceTree = "<group>"; };
		BAFA2F781E567EE80072C69B /* BPSimulator.m */ = {isa = PBXFileReference; fileEncoding = 4; lastKnownFileType = sourcecode.c.objc; path = BPSimulator.m; sourceTree = "<group>"; };
		BAFCCA371E335E0300E33C31 /* bluepill-cli-release.xcconfig */ = {isa = PBXFileReference; fileEncoding = 4; lastKnownFileType = text.xcconfig; path = "bluepill-cli-release.xcconfig"; sourceTree = "<group>"; };
		BAFCCA391E36DBA900E33C31 /* _DTXProxy.h */ = {isa = PBXFileReference; fileEncoding = 4; lastKnownFileType = sourcecode.c.h; path = _DTXProxy.h; sourceTree = "<group>"; };
		BAFCCA3A1E36DBA900E33C31 /* CDStructures.h */ = {isa = PBXFileReference; fileEncoding = 4; lastKnownFileType = sourcecode.c.h; path = CDStructures.h; sourceTree = "<group>"; };
		BAFCCA3B1E36DBA900E33C31 /* DTXAllowedRPC-Protocol.h */ = {isa = PBXFileReference; fileEncoding = 4; lastKnownFileType = sourcecode.c.h; path = "DTXAllowedRPC-Protocol.h"; sourceTree = "<group>"; };
		BAFCCA3C1E36DBA900E33C31 /* DTXBlockCompressor-Protocol.h */ = {isa = PBXFileReference; fileEncoding = 4; lastKnownFileType = sourcecode.c.h; path = "DTXBlockCompressor-Protocol.h"; sourceTree = "<group>"; };
		BAFCCA3D1E36DBA900E33C31 /* DTXBlockCompressorFactory.h */ = {isa = PBXFileReference; fileEncoding = 4; lastKnownFileType = sourcecode.c.h; path = DTXBlockCompressorFactory.h; sourceTree = "<group>"; };
		BAFCCA3E1E36DBA900E33C31 /* DTXBlockCompressorLibCompression.h */ = {isa = PBXFileReference; fileEncoding = 4; lastKnownFileType = sourcecode.c.h; path = DTXBlockCompressorLibCompression.h; sourceTree = "<group>"; };
		BAFCCA3F1E36DBA900E33C31 /* DTXChannel.h */ = {isa = PBXFileReference; fileEncoding = 4; lastKnownFileType = sourcecode.c.h; path = DTXChannel.h; sourceTree = "<group>"; };
		BAFCCA401E36DBA900E33C31 /* DTXConnection.h */ = {isa = PBXFileReference; fileEncoding = 4; lastKnownFileType = sourcecode.c.h; path = DTXConnection.h; sourceTree = "<group>"; };
		BAFCCA411E36DBA900E33C31 /* DTXConnectionRemoteReceiveQueueCalls-Protocol.h */ = {isa = PBXFileReference; fileEncoding = 4; lastKnownFileType = sourcecode.c.h; path = "DTXConnectionRemoteReceiveQueueCalls-Protocol.h"; sourceTree = "<group>"; };
		BAFCCA421E36DBA900E33C31 /* DTXDecompressionException.h */ = {isa = PBXFileReference; fileEncoding = 4; lastKnownFileType = sourcecode.c.h; path = DTXDecompressionException.h; sourceTree = "<group>"; };
		BAFCCA431E36DBA900E33C31 /* DTXFileDescriptorTransport.h */ = {isa = PBXFileReference; fileEncoding = 4; lastKnownFileType = sourcecode.c.h; path = DTXFileDescriptorTransport.h; sourceTree = "<group>"; };
		BAFCCA441E36DBA900E33C31 /* DTXFoundationURLTransport.h */ = {isa = PBXFileReference; fileEncoding = 4; lastKnownFileType = sourcecode.c.h; path = DTXFoundationURLTransport.h; sourceTree = "<group>"; };
		BAFCCA451E36DBA900E33C31 /* DTXMachTransport.h */ = {isa = PBXFileReference; fileEncoding = 4; lastKnownFileType = sourcecode.c.h; path = DTXMachTransport.h; sourceTree = "<group>"; };
		BAFCCA461E36DBA900E33C31 /* DTXMessage.h */ = {isa = PBXFileReference; fileEncoding = 4; lastKnownFileType = sourcecode.c.h; path = DTXMessage.h; sourceTree = "<group>"; };
		BAFCCA471E36DBA900E33C31 /* DTXMessageParser.h */ = {isa = PBXFileReference; fileEncoding = 4; lastKnownFileType = sourcecode.c.h; path = DTXMessageParser.h; sourceTree = "<group>"; };
		BAFCCA481E36DBA900E33C31 /* DTXMessageParsingBuffer.h */ = {isa = PBXFileReference; fileEncoding = 4; lastKnownFileType = sourcecode.c.h; path = DTXMessageParsingBuffer.h; sourceTree = "<group>"; };
		BAFCCA491E36DBA900E33C31 /* DTXMessageTransmitter.h */ = {isa = PBXFileReference; fileEncoding = 4; lastKnownFileType = sourcecode.c.h; path = DTXMessageTransmitter.h; sourceTree = "<group>"; };
		BAFCCA4A1E36DBA900E33C31 /* DTXMessenger-Protocol.h */ = {isa = PBXFileReference; fileEncoding = 4; lastKnownFileType = sourcecode.c.h; path = "DTXMessenger-Protocol.h"; sourceTree = "<group>"; };
		BAFCCA4B1E36DBA900E33C31 /* DTXProxyChannel.h */ = {isa = PBXFileReference; fileEncoding = 4; lastKnownFileType = sourcecode.c.h; path = DTXProxyChannel.h; sourceTree = "<group>"; };
		BAFCCA4C1E36DBA900E33C31 /* DTXRateLimiter-Protocol.h */ = {isa = PBXFileReference; fileEncoding = 4; lastKnownFileType = sourcecode.c.h; path = "DTXRateLimiter-Protocol.h"; sourceTree = "<group>"; };
		BAFCCA4D1E36DBA900E33C31 /* DTXRemoteInvocationReceipt.h */ = {isa = PBXFileReference; fileEncoding = 4; lastKnownFileType = sourcecode.c.h; path = DTXRemoteInvocationReceipt.h; sourceTree = "<group>"; };
		BAFCCA4E1E36DBA900E33C31 /* DTXResourceTracker.h */ = {isa = PBXFileReference; fileEncoding = 4; lastKnownFileType = sourcecode.c.h; path = DTXResourceTracker.h; sourceTree = "<group>"; };
		BAFCCA4F1E36DBA900E33C31 /* DTXSendAndWaitRateLimiter.h */ = {isa = PBXFileReference; fileEncoding = 4; lastKnownFileType = sourcecode.c.h; path = DTXSendAndWaitRateLimiter.h; sourceTree = "<group>"; };
		BAFCCA501E36DBA900E33C31 /* DTXSendAndWaitStats.h */ = {isa = PBXFileReference; fileEncoding = 4; lastKnownFileType = sourcecode.c.h; path = DTXSendAndWaitStats.h; sourceTree = "<group>"; };
		BAFCCA511E36DBA900E33C31 /* DTXService.h */ = {isa = PBXFileReference; fileEncoding = 4; lastKnownFileType = sourcecode.c.h; path = DTXService.h; sourceTree = "<group>"; };
		BAFCCA521E36DBA900E33C31 /* DTXSharedMemoryTransport.h */ = {isa = PBXFileReference; fileEncoding = 4; lastKnownFileType = sourcecode.c.h; path = DTXSharedMemoryTransport.h; sourceTree = "<group>"; };
		BAFCCA531E36DBA900E33C31 /* DTXSocketTransport.h */ = {isa = PBXFileReference; fileEncoding = 4; lastKnownFileType = sourcecode.c.h; path = DTXSocketTransport.h; sourceTree = "<group>"; };
		BAFCCA541E36DBA900E33C31 /* DTXTransport.h */ = {isa = PBXFileReference; fileEncoding = 4; lastKnownFileType = sourcecode.c.h; path = DTXTransport.h; sourceTree = "<group>"; };
		BAFCCA581E36DBA900E33C31 /* NSURLSessionDelegate-Protocol.h */ = {isa = PBXFileReference; fileEncoding = 4; lastKnownFileType = sourcecode.c.h; path = "NSURLSessionDelegate-Protocol.h"; sourceTree = "<group>"; };
		BAFCCA6D1E36EB5500E33C31 /* XCTestManager_IDEInterface-Protocol.h */ = {isa = PBXFileReference; fileEncoding = 4; lastKnownFileType = sourcecode.c.h; path = "XCTestManager_IDEInterface-Protocol.h"; sourceTree = "<group>"; };
		BAFCCA6E1E36EB5500E33C31 /* XCTestManager_ManagerInterface-Protocol.h */ = {isa = PBXFileReference; fileEncoding = 4; lastKnownFileType = sourcecode.c.h; path = "XCTestManager_ManagerInterface-Protocol.h"; sourceTree = "<group>"; };
		BAFCCA6F1E36EB5500E33C31 /* XCTestManager_TestsInterface-Protocol.h */ = {isa = PBXFileReference; fileEncoding = 4; lastKnownFileType = sourcecode.c.h; path = "XCTestManager_TestsInterface-Protocol.h"; sourceTree = "<group>"; };
		BAFCCA701E37298B00E33C31 /* XCTestDriverInterface-Protocol.h */ = {isa = PBXFileReference; lastKnownFileType = sourcecode.c.h; path = "XCTestDriverInterface-Protocol.h"; sourceTree = "<group>"; };
		BAFCCA711E37298B00E33C31 /* XCTestManager_DaemonConnectionInterface-Protocol.h */ = {isa = PBXFileReference; lastKnownFileType = sourcecode.c.h; path = "XCTestManager_DaemonConnectionInterface-Protocol.h"; sourceTree = "<group>"; };
		C41A2C701E0B2497005D9751 /* BPXCTestFile.h */ = {isa = PBXFileReference; fileEncoding = 4; lastKnownFileType = sourcecode.c.h; path = BPXCTestFile.h; sourceTree = "<group>"; };
		C41A2C711E0B2497005D9751 /* BPXCTestFile.m */ = {isa = PBXFileReference; fileEncoding = 4; lastKnownFileType = sourcecode.c.objc; lineEnding = 0; path = BPXCTestFile.m; sourceTree = "<group>"; xcLanguageSpecificationIdentifier = xcode.lang.objc; };
		C41A2C731E0B24E8005D9751 /* BPTestCase.h */ = {isa = PBXFileReference; fileEncoding = 4; lastKnownFileType = sourcecode.c.h; path = BPTestCase.h; sourceTree = "<group>"; };
		C41A2C741E0B24E8005D9751 /* BPTestCase.m */ = {isa = PBXFileReference; fileEncoding = 4; lastKnownFileType = sourcecode.c.objc; path = BPTestCase.m; sourceTree = "<group>"; };
		C41A2C751E0B24E8005D9751 /* BPTestClass.h */ = {isa = PBXFileReference; fileEncoding = 4; lastKnownFileType = sourcecode.c.h; path = BPTestClass.h; sourceTree = "<group>"; };
		C41A2C761E0B24E8005D9751 /* BPTestClass.m */ = {isa = PBXFileReference; fileEncoding = 4; lastKnownFileType = sourcecode.c.objc; path = BPTestClass.m; sourceTree = "<group>"; };
		C45476AB1FD762B4006C7D9E /* uitest-failed.log */ = {isa = PBXFileReference; fileEncoding = 4; lastKnownFileType = text; path = "uitest-failed.log"; sourceTree = "<group>"; };
		C467E5491DC930D200BC80EE /* BPCLITests.m */ = {isa = PBXFileReference; fileEncoding = 4; lastKnownFileType = sourcecode.c.objc; path = BPCLITests.m; sourceTree = "<group>"; };
		C469B1571FE1A41F002246BF /* crash_tests_with_retry.xml */ = {isa = PBXFileReference; fileEncoding = 4; lastKnownFileType = text.xml; path = crash_tests_with_retry.xml; sourceTree = "<group>"; };
		C48AE3821FBCC59D00997BA0 /* BPVersion.h */ = {isa = PBXFileReference; fileEncoding = 4; lastKnownFileType = sourcecode.c.h; path = BPVersion.h; sourceTree = SOURCE_ROOT; };
		C497EC842006DBD5003CB36E /* crash_tests_with_retry_2.xml */ = {isa = PBXFileReference; fileEncoding = 4; lastKnownFileType = text.xml; path = crash_tests_with_retry_2.xml; sourceTree = "<group>"; };
		C4FAC2941E5E67ED00ACC5D9 /* testConfig-busted.json */ = {isa = PBXFileReference; lastKnownFileType = text.json; path = "testConfig-busted.json"; sourceTree = "<group>"; };
/* End PBXFileReference section */

/* Begin PBXFrameworksBuildPhase section */
		7A79017F1D5CB679004D4325 /* Frameworks */ = {
			isa = PBXFrameworksBuildPhase;
			buildActionMask = 2147483647;
			files = (
				B324B91D1F280AD100AAE2BC /* CoreSimulator.framework in Frameworks */,
				7AB913001D5E209800621608 /* AppKit.framework in Frameworks */,
				7AB913011D5E209800621608 /* Foundation.framework in Frameworks */,
				7A58D0751D622BF0002F6B6D /* DVTiPhoneSimulatorRemoteClient.framework in Frameworks */,
			);
			runOnlyForDeploymentPostprocessing = 0;
		};
		BAB24F651DB5DB2300867756 /* Frameworks */ = {
			isa = PBXFrameworksBuildPhase;
			buildActionMask = 2147483647;
			files = (
			);
			runOnlyForDeploymentPostprocessing = 0;
		};
/* End PBXFrameworksBuildPhase section */

/* Begin PBXGroup section */
		7A4FB8CC1DF89A790073F268 /* Shared */ = {
			isa = PBXGroup;
			children = (
				BA53B16A1E30931E00FCED71 /* BPConstants.h */,
				BA53B16B1E30931E00FCED71 /* BPConstants.m */,
				C41A2C731E0B24E8005D9751 /* BPTestCase.h */,
				C41A2C741E0B24E8005D9751 /* BPTestCase.m */,
				C41A2C751E0B24E8005D9751 /* BPTestClass.h */,
				C41A2C761E0B24E8005D9751 /* BPTestClass.m */,
				7A4FB8CD1DF89A790073F268 /* BPConfiguration.h */,
				7A4FB8CE1DF89A790073F268 /* BPConfiguration.m */,
				7A4FB8CF1DF89A790073F268 /* BPUtils.h */,
				7A4FB8D01DF89A790073F268 /* BPUtils.m */,
				C41A2C701E0B2497005D9751 /* BPXCTestFile.h */,
				C41A2C711E0B2497005D9751 /* BPXCTestFile.m */,
			);
			name = Shared;
			path = ../../../Source/Shared;
			sourceTree = "<group>";
		};
		7A7901791D5CB679004D4325 = {
			isa = PBXGroup;
			children = (
				7A7901841D5CB679004D4325 /* Bluepill-cli */,
				7A7901851D5CB679004D4325 /* main.m */,
				BAB24F691DB5DB2300867756 /* BPInstanceTests */,
				7A7901831D5CB679004D4325 /* Products */,
				BAFCCA371E335E0300E33C31 /* bluepill-cli-release.xcconfig */,
				7A79018C1D5CF113004D4325 /* bluepill-cli.xcconfig */,
				7A79018D1D5D136F004D4325 /* Frameworks */,
			);
			sourceTree = "<group>";
		};
		7A7901831D5CB679004D4325 /* Products */ = {
			isa = PBXGroup;
			children = (
				7A7901821D5CB679004D4325 /* bp */,
				BAB24F681DB5DB2300867756 /* BPInstanceTests.xctest */,
			);
			name = Products;
			sourceTree = "<group>";
		};
		7A7901841D5CB679004D4325 /* Bluepill-cli */ = {
			isa = PBXGroup;
			children = (
				C48AE3821FBCC59D00997BA0 /* BPVersion.h */,
				BA954F551D6D1AB3007D011D /* PrivateHeaders */,
				BA9552171D6D1C00007D011D /* Bluepill */,
				BA34F5DB1D6D70300063B17F /* Simulator */,
			);
			path = "Bluepill-cli";
			sourceTree = "<group>";
		};
		7A79018D1D5D136F004D4325 /* Frameworks */ = {
			isa = PBXGroup;
			children = (
				B324B91C1F280AD100AAE2BC /* CoreSimulator.framework */,
				BA1809BC1DB89B8B00D7D130 /* AppKit.framework */,
				7AB912FE1D5E209800621608 /* AppKit.framework */,
				7A79018E1D5D136F004D4325 /* CoreSimulator.framework */,
				7A58D2E51D62689B002F6B6D /* DVTFoundation.framework */,
				7A58D0741D622BF0002F6B6D /* DVTiPhoneSimulatorRemoteClient.framework */,
				7AB912FF1D5E209800621608 /* Foundation.framework */,
			);
			name = Frameworks;
			sourceTree = "<group>";
		};
		7ACE1F6C1DD3969A00C0FA73 /* Helpers */ = {
			isa = PBXGroup;
			children = (
				7ACE1F6D1DD397F800C0FA73 /* BPWaitTimer.h */,
				7ACE1F6E1DD397F800C0FA73 /* BPWaitTimer.m */,
				7A7E7BAE1DF2066B007928F3 /* BPHandler.h */,
				7A7E7BAF1DF2066B007928F3 /* BPHandler.m */,
				7A7E7BB11DF20F81007928F3 /* BPApplicationLaunchHandler.h */,
				7A7E7BB21DF20F81007928F3 /* BPApplicationLaunchHandler.m */,
				7A7E7BB61DF2173C007928F3 /* BPCreateSimulatorHandler.h */,
				7A7E7BB71DF2173C007928F3 /* BPCreateSimulatorHandler.m */,
				7A7E7BBA1DF21749007928F3 /* BPDeleteSimulatorHandler.h */,
				7A7E7BBB1DF21749007928F3 /* BPDeleteSimulatorHandler.m */,
			);
			path = Helpers;
			sourceTree = "<group>";
		};
		7DDFED951F81896C00D1357C /* SimulatorKit */ = {
			isa = PBXGroup;
			children = (
				7DDFED961F81896C00D1357C /* SimDeviceFramebufferService.h */,
			);
			path = SimulatorKit;
			sourceTree = "<group>";
		};
		BA180A0A1DBB011200D7D130 /* Resource Files */ = {
			isa = PBXGroup;
			children = (
				C497EC842006DBD5003CB36E /* crash_tests_with_retry_2.xml */,
				C469B1571FE1A41F002246BF /* crash_tests_with_retry.xml */,
				C45476AB1FD762B4006C7D9E /* uitest-failed.log */,
				BA6E53011FA8F9F100D80675 /* demo.mov */,
				BA6E53051FA8FA2000D80675 /* image.png */,
				C4FAC2941E5E67ED00ACC5D9 /* testConfig-busted.json */,
				7AA4C2281E4A797E00FAA39E /* multiple_reports_for_one_error.log */,
				7A4FB8E71DFB66980073F268 /* error_only_crash.log */,
				7A4FB8E51DF8AD4F0073F268 /* missed-crash.log */,
				7A7E7BC21DF5BA45007928F3 /* badfilename.log */,
				7A4D7A881DDE3A85001E085D /* intermixed_crash.log */,
				7A4D7A821DDA5FEA001E085D /* parse_crash.log */,
				BA9C2DDF1DD84A72007CB967 /* fatal_tests.xml */,
				BA4BCFD01DC4888800592FA4 /* hanging_tests.xml */,
				BA0C554C1DDAE241009E1377 /* failure_retry_report.xml */,
				BA4BCFAB1DC3FA3D00592FA4 /* crash_tests.xml */,
				BA4800E91DC2C74600026972 /* BPAppNegativeTests-results.xml */,
				BA180A0B1DBB011200D7D130 /* testConfig.json */,
				BA180A131DBB088100D7D130 /* testScheme.xcscheme */,
				BA0096FD1DCA5D810000DD45 /* testConfigRelativePath.json */,
			);
			path = "Resource Files";
			sourceTree = "<group>";
		};
		BA1949331E4AF7FD00881887 /* Connections */ = {
			isa = PBXGroup;
			children = (
				BA1949341E4AF82F00881887 /* BPTestBundleConnection.h */,
				BA1949351E4AF82F00881887 /* BPTestBundleConnection.m */,
				BA1949381E4AF83E00881887 /* BPTestDaemonConnection.h */,
				BA1949391E4AF83E00881887 /* BPTestDaemonConnection.m */,
			);
			path = Connections;
			sourceTree = "<group>";
		};
		BA34F5DB1D6D70300063B17F /* Simulator */ = {
			isa = PBXGroup;
			children = (
				7D0D40961F80DB0A00F27A59 /* SimulatorScreenshotService.h */,
				7D0D40971F80DB0A00F27A59 /* SimulatorScreenshotService.m */,
				BA34F5E21D6D75E30063B17F /* SimulatorHelper.h */,
				BA34F5E31D6D75E30063B17F /* SimulatorHelper.m */,
				7A4933131DAD63A50060D54F /* SimulatorMonitor.h */,
				7A4933141DAD63A50060D54F /* SimulatorMonitor.m */,
				BAFA2F771E567EE80072C69B /* BPSimulator.h */,
				BAFA2F781E567EE80072C69B /* BPSimulator.m */,
			);
			path = Simulator;
			sourceTree = "<group>";
		};
		BA34F5E51D6D78120063B17F /* XCTest */ = {
			isa = PBXGroup;
			children = (
				BAFCCA701E37298B00E33C31 /* XCTestDriverInterface-Protocol.h */,
				BAFCCA711E37298B00E33C31 /* XCTestManager_DaemonConnectionInterface-Protocol.h */,
				BAFCCA6D1E36EB5500E33C31 /* XCTestManager_IDEInterface-Protocol.h */,
				BAFCCA6E1E36EB5500E33C31 /* XCTestManager_ManagerInterface-Protocol.h */,
				BAFCCA6F1E36EB5500E33C31 /* XCTestManager_TestsInterface-Protocol.h */,
				BA34F5E61D6D78120063B17F /* XCTestConfiguration.h */,
			);
			path = XCTest;
			sourceTree = "<group>";
		};
		BA954F551D6D1AB3007D011D /* PrivateHeaders */ = {
			isa = PBXGroup;
			children = (
				7DDFED951F81896C00D1357C /* SimulatorKit */,
				BAFCCA381E36DBA900E33C31 /* DTXConnectionServices */,
				BA34F5E51D6D78120063B17F /* XCTest */,
				BA954F561D6D1AB3007D011D /* CoreSimulator */,
			);
			path = PrivateHeaders;
			sourceTree = "<group>";
		};
		BA954F561D6D1AB3007D011D /* CoreSimulator */ = {
			isa = PBXGroup;
			children = (
				7DDFED941F8188EC00D1357C /* SimDeviceIOPortDescriptorState-Protocol.h */,
				7DDFED931F8188CC00D1357C /* SimDeviceIOProtocol-Protocol.h */,
				BA954F571D6D1AB3007D011D /* CDStructures.h */,
				BA954F581D6D1AB3007D011D /* CoreSimulator.h */,
				BA954F5A1D6D1AB3007D011D /* NSArray-SimArgv.h */,
				BA954F5B1D6D1AB3007D011D /* NSCoding-Protocol.h */,
				BA954F5C1D6D1AB3007D011D /* NSDictionary-SimEnvp.h */,
				BA954F5D1D6D1AB3007D011D /* NSError-SimError.h */,
				BA954F601D6D1AB3007D011D /* NSObject-Protocol.h */,
				BA954F611D6D1AB3007D011D /* NSPasteboardItem-SimPasteboardItem.h */,
				BA954F621D6D1AB3007D011D /* NSPasteboardItemDataProvider-Protocol.h */,
				BA954F631D6D1AB3007D011D /* NSSecureCoding-Protocol.h */,
				BA954F641D6D1AB3007D011D /* NSString-SIMCPUType.h */,
				BA954F651D6D1AB3007D011D /* NSString-SIMPackedVersion.h */,
				BA954F671D6D1AB3007D011D /* NSUserDefaults-SimDefaults.h */,
				BA954F681D6D1AB3007D011D /* SimDevice.h */,
				BA954F691D6D1AB3007D011D /* SimDeviceIO.h */,
				BA954F6A1D6D1AB3007D011D /* SimDeviceIOClient.h */,
				BA954F6B1D6D1AB3007D011D /* SimDeviceIOInterface-Protocol.h */,
				BA954F6C1D6D1AB3007D011D /* SimDeviceIOLoadedBundle.h */,
				BA954F6E1D6D1AB3007D011D /* SimDeviceIOServer.h */,
				BA954F6F1D6D1AB3007D011D /* SimDeviceNotificationManager.h */,
				BA954F701D6D1AB3007D011D /* SimDeviceNotifier-Protocol.h */,
				BA954F711D6D1AB3007D011D /* SimDevicePair.h */,
				BA954F721D6D1AB3007D011D /* SimDevicePasteboard.h */,
				BA954F731D6D1AB3007D011D /* SimDevicePasteboardConnection.h */,
				BA954F741D6D1AB3007D011D /* SimDevicePasteboardItem.h */,
				BA954F751D6D1AB3007D011D /* SimDeviceSet.h */,
				BA954F761D6D1AB3007D011D /* SimDeviceType.h */,
				BA954F771D6D1AB3007D011D /* SimDisplayDescriptorState-Protocol.h */,
				BA954F781D6D1AB3007D011D /* SimLocalThrowable.h */,
				BA954F791D6D1AB3007D011D /* SimMachPortServer.h */,
				BA954F7A1D6D1AB3007D011D /* SimNSPasteboard.h */,
				BA954F7B1D6D1AB3007D011D /* SimNSPasteboardItem.h */,
				BA954F7C1D6D1AB3007D011D /* SimPasteboard-Protocol.h */,
				BA954F7D1D6D1AB3007D011D /* SimPasteboardItem.h */,
				BA954F7E1D6D1AB3007D011D /* SimPasteboardItemData.h */,
				BA954F7F1D6D1AB3007D011D /* SimPasteboardItemDataProvider-Protocol.h */,
				BA954F801D6D1AB3007D011D /* SimPasteboardItemWrappedData.h */,
				BA954F811D6D1AB3007D011D /* SimPasteboardPortMap.h */,
				BA954F821D6D1AB3007D011D /* SimProfilesPathMonitor.h */,
				BA954F831D6D1AB3007D011D /* SimRuntime.h */,
				BA954F841D6D1AB3007D011D /* SimRuntimePairingReuirements.h */,
				BA954F851D6D1AB3007D011D /* SimServiceContext.h */,
			);
			path = CoreSimulator;
			sourceTree = "<group>";
		};
		BA9552171D6D1C00007D011D /* Bluepill */ = {
			isa = PBXGroup;
			children = (
				BA1949331E4AF7FD00881887 /* Connections */,
				7A4FB8CC1DF89A790073F268 /* Shared */,
				7ACE1F6C1DD3969A00C0FA73 /* Helpers */,
				BA9552191D6D1C00007D011D /* Reporters */,
				BA944BCE1D76A39A00A4BDA3 /* Bluepill.h */,
				BA944BCF1D76A39A00A4BDA3 /* Bluepill.m */,
				7A7D66001DB679820015C937 /* BPStats.h */,
				7A7D66011DB679820015C937 /* BPStats.m */,
				7A7E7BBE1DF22CE1007928F3 /* BPExecutionContext.h */,
				7A7E7BBF1DF22CE1007928F3 /* BPExecutionContext.m */,
			);
			path = Bluepill;
			sourceTree = "<group>";
		};
		BA9552191D6D1C00007D011D /* Reporters */ = {
			isa = PBXGroup;
			children = (
				7A4933121DAD28C70060D54F /* BPExecutionPhaseProtocol.h */,
				7A202A3D1DAED04900D935E3 /* BPExitStatus.h */,
				7A4D7A851DDBB156001E085D /* BPExitStatus.m */,
				7A564C071DA817DE001BCEC2 /* BPReporters.h */,
				7A564C081DA817DE001BCEC2 /* BPReporters.m */,
				7ADBB1451DCBBC0E00DC4E8D /* BPTreeAssembler.h */,
				7ADBB1461DCBBC0E00DC4E8D /* BPTreeAssembler.m */,
				7A564C091DA817DE001BCEC2 /* BPTreeObjects.h */,
				7A564C0A1DA817DE001BCEC2 /* BPTreeObjects.m */,
				7A564C0B1DA817DE001BCEC2 /* BPTreeParser.h */,
				7A564C0C1DA817DE001BCEC2 /* BPTreeParser.m */,
				7A202A3F1DB0066100D935E3 /* BPWriter.h */,
				7A202A401DB0066100D935E3 /* BPWriter.m */,
			);
			path = Reporters;
			sourceTree = "<group>";
		};
		BAB24F691DB5DB2300867756 /* BPInstanceTests */ = {
			isa = PBXGroup;
			children = (
				BA180A0A1DBB011200D7D130 /* Resource Files */,
				BAB24F6C1DB5DB2300867756 /* Info.plist */,
				BA1809B71DB89B5600D7D130 /* BluepillTests.m */,
				BAB24F701DB5DBED00867756 /* SimulatorHelperTests.m */,
				BAB24F721DB5DFA200867756 /* BPTestHelper.h */,
				BAB24F731DB5DFA200867756 /* BPTestHelper.m */,
				7AAE7AAE1DB7DC1E009B5549 /* BPRegexTests.m */,
				BA180A081DBB00FA00D7D130 /* BPUtilsTests.m */,
				C467E5491DC930D200BC80EE /* BPCLITests.m */,
				BA0096FF1DCA61210000DD45 /* BPConfigurationTests.m */,
				BA0097011DCA626F0000DD45 /* BPConfiguration+Test.h */,
				7ACE1F711DD3D27D00C0FA73 /* WaitTimerTests.m */,
				7A4D7A801DDA5FA1001E085D /* BPTreeParserTests.m */,
			);
			path = BPInstanceTests;
			sourceTree = "<group>";
		};
		BAFCCA381E36DBA900E33C31 /* DTXConnectionServices */ = {
			isa = PBXGroup;
			children = (
				BAFCCA391E36DBA900E33C31 /* _DTXProxy.h */,
				BAFCCA3A1E36DBA900E33C31 /* CDStructures.h */,
				BAFCCA3B1E36DBA900E33C31 /* DTXAllowedRPC-Protocol.h */,
				BAFCCA3C1E36DBA900E33C31 /* DTXBlockCompressor-Protocol.h */,
				BAFCCA3D1E36DBA900E33C31 /* DTXBlockCompressorFactory.h */,
				BAFCCA3E1E36DBA900E33C31 /* DTXBlockCompressorLibCompression.h */,
				BAFCCA3F1E36DBA900E33C31 /* DTXChannel.h */,
				BAFCCA401E36DBA900E33C31 /* DTXConnection.h */,
				BAFCCA411E36DBA900E33C31 /* DTXConnectionRemoteReceiveQueueCalls-Protocol.h */,
				BAFCCA421E36DBA900E33C31 /* DTXDecompressionException.h */,
				BAFCCA431E36DBA900E33C31 /* DTXFileDescriptorTransport.h */,
				BAFCCA441E36DBA900E33C31 /* DTXFoundationURLTransport.h */,
				BAFCCA451E36DBA900E33C31 /* DTXMachTransport.h */,
				BAFCCA461E36DBA900E33C31 /* DTXMessage.h */,
				BAFCCA471E36DBA900E33C31 /* DTXMessageParser.h */,
				BAFCCA481E36DBA900E33C31 /* DTXMessageParsingBuffer.h */,
				BAFCCA491E36DBA900E33C31 /* DTXMessageTransmitter.h */,
				BAFCCA4A1E36DBA900E33C31 /* DTXMessenger-Protocol.h */,
				BAFCCA4B1E36DBA900E33C31 /* DTXProxyChannel.h */,
				BAFCCA4C1E36DBA900E33C31 /* DTXRateLimiter-Protocol.h */,
				BAFCCA4D1E36DBA900E33C31 /* DTXRemoteInvocationReceipt.h */,
				BAFCCA4E1E36DBA900E33C31 /* DTXResourceTracker.h */,
				BAFCCA4F1E36DBA900E33C31 /* DTXSendAndWaitRateLimiter.h */,
				BAFCCA501E36DBA900E33C31 /* DTXSendAndWaitStats.h */,
				BAFCCA511E36DBA900E33C31 /* DTXService.h */,
				BAFCCA521E36DBA900E33C31 /* DTXSharedMemoryTransport.h */,
				BAFCCA531E36DBA900E33C31 /* DTXSocketTransport.h */,
				BAFCCA541E36DBA900E33C31 /* DTXTransport.h */,
				BAFCCA581E36DBA900E33C31 /* NSURLSessionDelegate-Protocol.h */,
			);
			path = DTXConnectionServices;
			sourceTree = "<group>";
		};
/* End PBXGroup section */

/* Begin PBXNativeTarget section */
		7A7901811D5CB679004D4325 /* bp */ = {
			isa = PBXNativeTarget;
			buildConfigurationList = 7A7901891D5CB679004D4325 /* Build configuration list for PBXNativeTarget "bp" */;
			buildPhases = (
				C48AE3811FBCC53600997BA0 /* Save Git SHA1 and Xcode Version */,
				7A79017E1D5CB679004D4325 /* Sources */,
				7A79017F1D5CB679004D4325 /* Frameworks */,
				7A7901801D5CB679004D4325 /* CopyFiles */,
			);
			buildRules = (
			);
			dependencies = (
			);
			name = bp;
			productName = "Bluepill-cli";
			productReference = 7A7901821D5CB679004D4325 /* bp */;
			productType = "com.apple.product-type.tool";
		};
		BAB24F671DB5DB2300867756 /* BPInstanceTests */ = {
			isa = PBXNativeTarget;
			buildConfigurationList = BAB24F6F1DB5DB2300867756 /* Build configuration list for PBXNativeTarget "BPInstanceTests" */;
			buildPhases = (
				BAB24F641DB5DB2300867756 /* Sources */,
				BAB24F651DB5DB2300867756 /* Frameworks */,
				BAB24F661DB5DB2300867756 /* Resources */,
			);
			buildRules = (
			);
			dependencies = (
			);
			name = BPInstanceTests;
			productName = BPInstanceTests;
			productReference = BAB24F681DB5DB2300867756 /* BPInstanceTests.xctest */;
			productType = "com.apple.product-type.bundle.unit-test";
		};
/* End PBXNativeTarget section */

/* Begin PBXProject section */
		7A79017A1D5CB679004D4325 /* Project object */ = {
			isa = PBXProject;
			attributes = {
				LastUpgradeCheck = 0910;
				ORGANIZATIONNAME = LinkedIn;
				TargetAttributes = {
					7A7901811D5CB679004D4325 = {
						CreatedOnToolsVersion = 8.0;
						ProvisioningStyle = Automatic;
					};
					BAB24F671DB5DB2300867756 = {
						CreatedOnToolsVersion = 8.0;
						DevelopmentTeam = 57Y47U492U;
						ProvisioningStyle = Automatic;
					};
				};
			};
			buildConfigurationList = 7A79017D1D5CB679004D4325 /* Build configuration list for PBXProject "Bluepill-cli" */;
			compatibilityVersion = "Xcode 3.2";
			developmentRegion = English;
			hasScannedForEncodings = 0;
			knownRegions = (
				en,
			);
			mainGroup = 7A7901791D5CB679004D4325;
			productRefGroup = 7A7901831D5CB679004D4325 /* Products */;
			projectDirPath = "";
			projectRoot = "";
			targets = (
				7A7901811D5CB679004D4325 /* bp */,
				BAB24F671DB5DB2300867756 /* BPInstanceTests */,
			);
		};
/* End PBXProject section */

/* Begin PBXResourcesBuildPhase section */
		BAB24F661DB5DB2300867756 /* Resources */ = {
			isa = PBXResourcesBuildPhase;
			buildActionMask = 2147483647;
			files = (
				BA6E53061FA8FA2500D80675 /* image.png in Resources */,
				BA6E53021FA8F9FD00D80675 /* demo.mov in Resources */,
				C4FAC2951E5E67ED00ACC5D9 /* testConfig-busted.json in Resources */,
				C497EC852006DBD5003CB36E /* crash_tests_with_retry_2.xml in Resources */,
				BA180A141DBB088100D7D130 /* testScheme.xcscheme in Resources */,
				BA0C554D1DDAE241009E1377 /* failure_retry_report.xml in Resources */,
				BA9C2DE01DD84A72007CB967 /* fatal_tests.xml in Resources */,
				7A4D7A831DDA5FEA001E085D /* parse_crash.log in Resources */,
				BA4BCFAC1DC3FA3D00592FA4 /* crash_tests.xml in Resources */,
				C469B1581FE1A420002246BF /* crash_tests_with_retry.xml in Resources */,
				7A4FB8E81DFB66980073F268 /* error_only_crash.log in Resources */,
				7A4D7A891DDE3A85001E085D /* intermixed_crash.log in Resources */,
				BA0096FE1DCA5D810000DD45 /* testConfigRelativePath.json in Resources */,
				7A7E7BC31DF5BA45007928F3 /* badfilename.log in Resources */,
				BA180A0C1DBB011200D7D130 /* testConfig.json in Resources */,
				C45476AC1FD762B5006C7D9E /* uitest-failed.log in Resources */,
				7AA4C2291E4A797E00FAA39E /* multiple_reports_for_one_error.log in Resources */,
				BA4BCFD11DC4888800592FA4 /* hanging_tests.xml in Resources */,
				BA4800EA1DC2C74600026972 /* BPAppNegativeTests-results.xml in Resources */,
				7A4FB8E61DF8AD4F0073F268 /* missed-crash.log in Resources */,
			);
			runOnlyForDeploymentPostprocessing = 0;
		};
/* End PBXResourcesBuildPhase section */

/* Begin PBXShellScriptBuildPhase section */
		C48AE3811FBCC53600997BA0 /* Save Git SHA1 and Xcode Version */ = {
			isa = PBXShellScriptBuildPhase;
			buildActionMask = 2147483647;
			files = (
			);
			inputPaths = (
			);
			name = "Save Git SHA1 and Xcode Version";
			outputPaths = (
				"$(SOURCE_ROOT)/BPVersion.h",
			);
			runOnlyForDeploymentPostprocessing = 0;
			shellPath = /bin/sh;
			shellScript = "VERSION=`git describe`\necho \"#define BP_VERSION \\\"$VERSION\\\"\" > \"$SOURCE_ROOT/BPVersion.h\"\nXCODE_VERSION=`xcodebuild -version | awk 'BEGIN {OFS=\"\";} /Xcode/ {version=$2} /Build version/ {build=$3} END {print version, \" (\", build, \")\";}'`\necho \"#define XCODE_VERSION \\\"$XCODE_VERSION\\\"\" >> \"$SOURCE_ROOT/BPVersion.h\"";
			showEnvVarsInLog = 0;
		};
/* End PBXShellScriptBuildPhase section */

/* Begin PBXSourcesBuildPhase section */
		7A79017E1D5CB679004D4325 /* Sources */ = {
			isa = PBXSourcesBuildPhase;
			buildActionMask = 2147483647;
			files = (
				7A7E7BB81DF2173C007928F3 /* BPCreateSimulatorHandler.m in Sources */,
				BA34F5E41D6D75E30063B17F /* SimulatorHelper.m in Sources */,
				7A4FB8D31DF89A790073F268 /* BPConfiguration.m in Sources */,
				7A7E7BC01DF22CE1007928F3 /* BPExecutionContext.m in Sources */,
				C41A2C771E0B24E8005D9751 /* BPTestCase.m in Sources */,
				7A4FB8D41DF89A790073F268 /* BPUtils.m in Sources */,
				7A7D66021DB679820015C937 /* BPStats.m in Sources */,
				BAFA2F791E567EE80072C69B /* BPSimulator.m in Sources */,
				C41A2C781E0B24E8005D9751 /* BPTestClass.m in Sources */,
				7A7E7BBC1DF21749007928F3 /* BPDeleteSimulatorHandler.m in Sources */,
				7A7E7BB51DF2163F007928F3 /* BPHandler.m in Sources */,
				7A564C0D1DA817DE001BCEC2 /* BPReporters.m in Sources */,
				BA1949361E4AF82F00881887 /* BPTestBundleConnection.m in Sources */,
				7D0D40981F80DB0A00F27A59 /* SimulatorScreenshotService.m in Sources */,
				7A202A411DB0066100D935E3 /* BPWriter.m in Sources */,
				7A4933151DAD63A50060D54F /* SimulatorMonitor.m in Sources */,
				7A564C0F1DA817DE001BCEC2 /* BPTreeParser.m in Sources */,
				BA19493A1E4AF83E00881887 /* BPTestDaemonConnection.m in Sources */,
				7ADBB1471DCBBC0E00DC4E8D /* BPTreeAssembler.m in Sources */,
				7A4D7A861DDBB156001E085D /* BPExitStatus.m in Sources */,
				BA944BD01D76A39A00A4BDA3 /* Bluepill.m in Sources */,
				7ACE1F6F1DD397F800C0FA73 /* BPWaitTimer.m in Sources */,
				7A7E7BB41DF2163C007928F3 /* BPApplicationLaunchHandler.m in Sources */,
				7A564C0E1DA817DE001BCEC2 /* BPTreeObjects.m in Sources */,
				C41A2C721E0B2497005D9751 /* BPXCTestFile.m in Sources */,
				7A7901861D5CB679004D4325 /* main.m in Sources */,
				BA53B16C1E30931E00FCED71 /* BPConstants.m in Sources */,
			);
			runOnlyForDeploymentPostprocessing = 0;
		};
		BAB24F641DB5DB2300867756 /* Sources */ = {
			isa = PBXSourcesBuildPhase;
			buildActionMask = 2147483647;
			files = (
				C41A2C7A1E0B4306005D9751 /* BPTestCase.m in Sources */,
				BA19493B1E4AF83E00881887 /* BPTestDaemonConnection.m in Sources */,
				BAFA2F7A1E567EE80072C69B /* BPSimulator.m in Sources */,
				C41A2C7B1E0B4306005D9751 /* BPTestClass.m in Sources */,
				C41A2C791E0B42E9005D9751 /* BPXCTestFile.m in Sources */,
				BAD558D21DB6DC1C00C9A5CD /* SimulatorHelper.m in Sources */,
				BAB24F711DB5DBED00867756 /* SimulatorHelperTests.m in Sources */,
				7A6672BF1E0B04D500AC6778 /* BPConfiguration.m in Sources */,
				BAD558D01DB6DC1C00C9A5CD /* BPStats.m in Sources */,
				7A4D7A811DDA5FA1001E085D /* BPTreeParserTests.m in Sources */,
				7ADBB1481DCBDB9300DC4E8D /* BPTreeAssembler.m in Sources */,
				BAD558D61DB6DCB100C9A5CD /* BPTreeParser.m in Sources */,
				7A7E7BB01DF2066B007928F3 /* BPHandler.m in Sources */,
				7A7E7BBD1DF21749007928F3 /* BPDeleteSimulatorHandler.m in Sources */,
				7A7E7BB91DF2173C007928F3 /* BPCreateSimulatorHandler.m in Sources */,
				7ACE1F721DD3D27D00C0FA73 /* WaitTimerTests.m in Sources */,
				BA180A091DBB00FA00D7D130 /* BPUtilsTests.m in Sources */,
				7A4D7A871DDBB156001E085D /* BPExitStatus.m in Sources */,
				BA1809B81DB89B5600D7D130 /* BluepillTests.m in Sources */,
				BA1949371E4AF82F00881887 /* BPTestBundleConnection.m in Sources */,
				BAD558D31DB6DC1C00C9A5CD /* SimulatorMonitor.m in Sources */,
				7DD8D7FD1F80E526001E8AFF /* SimulatorScreenshotService.m in Sources */,
				7A7E7BC11DF22CE1007928F3 /* BPExecutionContext.m in Sources */,
				BAD558D71DB6DCB100C9A5CD /* BPWriter.m in Sources */,
				7AAE7AAF1DB7DC1E009B5549 /* BPRegexTests.m in Sources */,
				7A7E7BB31DF20F81007928F3 /* BPApplicationLaunchHandler.m in Sources */,
				BAD558CF1DB6DC1C00C9A5CD /* Bluepill.m in Sources */,
				BA53B1701E30A0F100FCED71 /* BPConstants.m in Sources */,
				BAD558D41DB6DCB100C9A5CD /* BPReporters.m in Sources */,
				C467E54A1DC930D200BC80EE /* BPCLITests.m in Sources */,
				BAD558D51DB6DCB100C9A5CD /* BPTreeObjects.m in Sources */,
				7ACE1F701DD397F800C0FA73 /* BPWaitTimer.m in Sources */,
				BA0097001DCA61210000DD45 /* BPConfigurationTests.m in Sources */,
				7A6672BE1E0B04D300AC6778 /* BPUtils.m in Sources */,
				BAB24F741DB5DFA200867756 /* BPTestHelper.m in Sources */,
			);
			runOnlyForDeploymentPostprocessing = 0;
		};
/* End PBXSourcesBuildPhase section */

/* Begin XCBuildConfiguration section */
		7A7901871D5CB679004D4325 /* Debug */ = {
			isa = XCBuildConfiguration;
			baseConfigurationReference = 7A79018C1D5CF113004D4325 /* bluepill-cli.xcconfig */;
			buildSettings = {
				ALWAYS_SEARCH_USER_PATHS = NO;
				CLANG_ANALYZER_NONNULL = YES;
				CLANG_CXX_LANGUAGE_STANDARD = "gnu++0x";
				CLANG_CXX_LIBRARY = "libc++";
				CLANG_ENABLE_MODULES = YES;
				CLANG_ENABLE_OBJC_ARC = YES;
				CLANG_WARN_BLOCK_CAPTURE_AUTORELEASING = YES;
				CLANG_WARN_BOOL_CONVERSION = YES;
				CLANG_WARN_COMMA = YES;
				CLANG_WARN_CONSTANT_CONVERSION = YES;
				CLANG_WARN_DIRECT_OBJC_ISA_USAGE = YES_ERROR;
				CLANG_WARN_DOCUMENTATION_COMMENTS = YES;
				CLANG_WARN_EMPTY_BODY = YES;
				CLANG_WARN_ENUM_CONVERSION = YES;
				CLANG_WARN_INFINITE_RECURSION = YES;
				CLANG_WARN_INT_CONVERSION = YES;
				CLANG_WARN_NON_LITERAL_NULL_CONVERSION = YES;
				CLANG_WARN_OBJC_LITERAL_CONVERSION = YES;
				CLANG_WARN_OBJC_ROOT_CLASS = YES_ERROR;
				CLANG_WARN_RANGE_LOOP_ANALYSIS = YES;
				CLANG_WARN_STRICT_PROTOTYPES = YES;
				CLANG_WARN_SUSPICIOUS_MOVE = YES;
				CLANG_WARN_SUSPICIOUS_MOVES = YES;
				CLANG_WARN_UNREACHABLE_CODE = YES;
				CLANG_WARN__DUPLICATE_METHOD_MATCH = YES;
				CODE_SIGN_IDENTITY = "-";
				COPY_PHASE_STRIP = NO;
				DEBUG_INFORMATION_FORMAT = dwarf;
				ENABLE_STRICT_OBJC_MSGSEND = YES;
				ENABLE_TESTABILITY = YES;
				GCC_C_LANGUAGE_STANDARD = gnu99;
				GCC_DYNAMIC_NO_PIC = NO;
				GCC_NO_COMMON_BLOCKS = YES;
				GCC_OPTIMIZATION_LEVEL = 0;
				GCC_PREPROCESSOR_DEFINITIONS = (
					"DEBUG=1",
					"$(inherited)",
				);
				GCC_WARN_64_TO_32_BIT_CONVERSION = YES;
				GCC_WARN_ABOUT_RETURN_TYPE = YES_ERROR;
				GCC_WARN_UNDECLARED_SELECTOR = YES;
				GCC_WARN_UNINITIALIZED_AUTOS = YES_AGGRESSIVE;
				GCC_WARN_UNUSED_FUNCTION = YES;
				GCC_WARN_UNUSED_VARIABLE = YES;
				MACOSX_DEPLOYMENT_TARGET = 10.11;
				MTL_ENABLE_DEBUG_INFO = YES;
				ONLY_ACTIVE_ARCH = YES;
				SDKROOT = macosx;
			};
			name = Debug;
		};
		7A7901881D5CB679004D4325 /* Release */ = {
			isa = XCBuildConfiguration;
			baseConfigurationReference = BAFCCA371E335E0300E33C31 /* bluepill-cli-release.xcconfig */;
			buildSettings = {
				ALWAYS_SEARCH_USER_PATHS = NO;
				CLANG_ANALYZER_NONNULL = YES;
				CLANG_CXX_LANGUAGE_STANDARD = "gnu++0x";
				CLANG_CXX_LIBRARY = "libc++";
				CLANG_ENABLE_MODULES = YES;
				CLANG_ENABLE_OBJC_ARC = YES;
				CLANG_WARN_BLOCK_CAPTURE_AUTORELEASING = YES;
				CLANG_WARN_BOOL_CONVERSION = YES;
				CLANG_WARN_COMMA = YES;
				CLANG_WARN_CONSTANT_CONVERSION = YES;
				CLANG_WARN_DIRECT_OBJC_ISA_USAGE = YES_ERROR;
				CLANG_WARN_DOCUMENTATION_COMMENTS = YES;
				CLANG_WARN_EMPTY_BODY = YES;
				CLANG_WARN_ENUM_CONVERSION = YES;
				CLANG_WARN_INFINITE_RECURSION = YES;
				CLANG_WARN_INT_CONVERSION = YES;
				CLANG_WARN_NON_LITERAL_NULL_CONVERSION = YES;
				CLANG_WARN_OBJC_LITERAL_CONVERSION = YES;
				CLANG_WARN_OBJC_ROOT_CLASS = YES_ERROR;
				CLANG_WARN_RANGE_LOOP_ANALYSIS = YES;
				CLANG_WARN_STRICT_PROTOTYPES = YES;
				CLANG_WARN_SUSPICIOUS_MOVE = YES;
				CLANG_WARN_SUSPICIOUS_MOVES = YES;
				CLANG_WARN_UNREACHABLE_CODE = YES;
				CLANG_WARN__DUPLICATE_METHOD_MATCH = YES;
				CODE_SIGN_IDENTITY = "-";
				COPY_PHASE_STRIP = NO;
				DEBUG_INFORMATION_FORMAT = "dwarf-with-dsym";
				ENABLE_NS_ASSERTIONS = NO;
				ENABLE_STRICT_OBJC_MSGSEND = YES;
				GCC_C_LANGUAGE_STANDARD = gnu99;
				GCC_NO_COMMON_BLOCKS = YES;
				GCC_WARN_64_TO_32_BIT_CONVERSION = YES;
				GCC_WARN_ABOUT_RETURN_TYPE = YES_ERROR;
				GCC_WARN_UNDECLARED_SELECTOR = YES;
				GCC_WARN_UNINITIALIZED_AUTOS = YES_AGGRESSIVE;
				GCC_WARN_UNUSED_FUNCTION = YES;
				GCC_WARN_UNUSED_VARIABLE = YES;
				MACOSX_DEPLOYMENT_TARGET = 10.11;
				MTL_ENABLE_DEBUG_INFO = NO;
				SDKROOT = macosx;
			};
			name = Release;
		};
		7A79018A1D5CB679004D4325 /* Debug */ = {
			isa = XCBuildConfiguration;
			buildSettings = {
				DEPLOYMENT_LOCATION = NO;
				"DEVELOPER_PRIVATE_FRAMEWORKS_DIR[arch=*]" = /Library/Developer/PrivateFrameworks/;
				MACOSX_DEPLOYMENT_TARGET = 10.12;
				OTHER_CFLAGS = "-DBP_USE_PRIVATE_FRAMEWORKS";
				OTHER_LDFLAGS = (
					"-weak_framework",
					DVTiPhoneSimulatorRemoteClient,
					"-weak_framework",
					CoreSimulator,
					"-weak_framework",
					XCTest,
					"-weak_framework",
					SimulatorKit,
				);
				"PRIVATE_FRAMEWORKS_DIR[arch=*]" = /Library/Developer/PrivateFrameworks/;
				PRODUCT_NAME = "$(TARGET_NAME)";
			};
			name = Debug;
		};
		7A79018B1D5CB679004D4325 /* Release */ = {
			isa = XCBuildConfiguration;
			buildSettings = {
				DEPLOYMENT_LOCATION = NO;
				"DEVELOPER_PRIVATE_FRAMEWORKS_DIR[arch=*]" = /Library/Developer/PrivateFrameworks/;
				MACOSX_DEPLOYMENT_TARGET = 10.12;
				OTHER_CFLAGS = "-DBP_USE_PRIVATE_FRAMEWORKS";
				OTHER_LDFLAGS = (
					"-weak_framework",
					DVTiPhoneSimulatorRemoteClient,
					"-weak_framework",
					CoreSimulator,
					"-weak_framework",
					XCTest,
					"-weak_framework",
					SimulatorKit,
				);
				"PRIVATE_FRAMEWORKS_DIR[arch=*]" = /Library/Developer/PrivateFrameworks/;
				PRODUCT_NAME = "$(TARGET_NAME)";
			};
			name = Release;
		};
		BAB24F6D1DB5DB2300867756 /* Debug */ = {
			isa = XCBuildConfiguration;
			buildSettings = {
				COMBINE_HIDPI_IMAGES = YES;
				DEVELOPMENT_TEAM = 57Y47U492U;
				INFOPLIST_FILE = BPInstanceTests/Info.plist;
				LD_RUNPATH_SEARCH_PATHS = "\"$(DEVELOPER_DIR)/Library/PrivateFrameworks\"";
				OTHER_CFLAGS = "-DBP_USE_PRIVATE_FRAMEWORKS";
				OTHER_LDFLAGS = (
					"-weak_framework",
					DVTiPhoneSimulatorRemoteClient,
					"-framework",
					CoreSimulator,
					"-weak_framework",
					XCTest,
					"-weak_framework",
					SimulatorKit,
				);
				"PRIVATE_FRAMEWORKS_DIR[arch=*]" = /Library/Developer/PrivateFrameworks/;
				PRODUCT_BUNDLE_IDENTIFIER = LI.BPInstanceTests;
				PRODUCT_NAME = "$(TARGET_NAME)";
			};
			name = Debug;
		};
		BAB24F6E1DB5DB2300867756 /* Release */ = {
			isa = XCBuildConfiguration;
			buildSettings = {
				COMBINE_HIDPI_IMAGES = YES;
				DEVELOPMENT_TEAM = 57Y47U492U;
				INFOPLIST_FILE = BPInstanceTests/Info.plist;
				LD_RUNPATH_SEARCH_PATHS = "\"$(DEVELOPER_DIR)/Library/PrivateFrameworks\"";
				OTHER_CFLAGS = "-DBP_USE_PRIVATE_FRAMEWORKS";
				OTHER_LDFLAGS = (
					"-weak_framework",
					DVTiPhoneSimulatorRemoteClient,
					"-weak_framework",
					CoreSimulator,
					"-weak_framework",
					XCTest,
					"-weak_framework",
					SimulatorKit,
				);
				"PRIVATE_FRAMEWORKS_DIR[arch=*]" = /Library/Developer/PrivateFrameworks/;
				PRODUCT_BUNDLE_IDENTIFIER = LI.BPInstanceTests;
				PRODUCT_NAME = "$(TARGET_NAME)";
			};
			name = Release;
		};
/* End XCBuildConfiguration section */

/* Begin XCConfigurationList section */
		7A79017D1D5CB679004D4325 /* Build configuration list for PBXProject "Bluepill-cli" */ = {
			isa = XCConfigurationList;
			buildConfigurations = (
				7A7901871D5CB679004D4325 /* Debug */,
				7A7901881D5CB679004D4325 /* Release */,
			);
			defaultConfigurationIsVisible = 0;
			defaultConfigurationName = Release;
		};
		7A7901891D5CB679004D4325 /* Build configuration list for PBXNativeTarget "bp" */ = {
			isa = XCConfigurationList;
			buildConfigurations = (
				7A79018A1D5CB679004D4325 /* Debug */,
				7A79018B1D5CB679004D4325 /* Release */,
			);
			defaultConfigurationIsVisible = 0;
			defaultConfigurationName = Release;
		};
		BAB24F6F1DB5DB2300867756 /* Build configuration list for PBXNativeTarget "BPInstanceTests" */ = {
			isa = XCConfigurationList;
			buildConfigurations = (
				BAB24F6D1DB5DB2300867756 /* Debug */,
				BAB24F6E1DB5DB2300867756 /* Release */,
			);
			defaultConfigurationIsVisible = 0;
			defaultConfigurationName = Release;
		};
/* End XCConfigurationList section */
	};
	rootObject = 7A79017A1D5CB679004D4325 /* Project object */;
}
